PODS:
  - Alamofire (5.4.0)
  - CocoaLumberjack/Core (3.7.0)
  - CocoaLumberjack/Swift (3.7.0):
    - CocoaLumberjack/Core
  - Kingfisher (5.15.7):
    - Kingfisher/Core (= 5.15.7)
  - Kingfisher/Core (5.15.7)
  - Moya (14.0.0):
    - Moya/Core (= 14.0.0)
  - Moya/Core (14.0.0):
    - Alamofire (~> 5.0)
  - Nimble (9.0.0)
  - Pure (1.1.4):
    - Pure/Core (= 1.1.4)
  - Pure/Core (1.1.4)
  - Quick (3.0.0)
  - SwiftLint (0.40.3)

DEPENDENCIES:
  - CocoaLumberjack/Swift
  - Kingfisher
  - Moya
  - Nimble
  - Pure
  - Quick
  - SwiftLint

SPEC REPOS:
  trunk:
    - Alamofire
    - CocoaLumberjack
    - Kingfisher
    - Moya
    - Nimble
    - Pure
    - Quick
    - SwiftLint

SPEC CHECKSUMS:
  Alamofire: 3b6a534a3df22db367e4dedeeca73d1ddfcf0e2f
  CocoaLumberjack: e8955b9d337ac307103b0a34fd141c32f27e53c5
  Kingfisher: 6e1a13523fcb1c86924ce53affe4ac957e544d59
  Moya: 5b45dacb75adb009f97fde91c204c1e565d31916
  Nimble: 3b4ec3fd40f1dc178058e0981107721c615643d8
  Pure: 82d6f4438672a41d21ea6fadd126e1466db001c5
  Quick: 6d9559f40647bc4d510103842ef2fdd882d753e2
  SwiftLint: dfd554ff0dff17288ee574814ccdd5cea85d76f7

PODFILE CHECKSUM: 182746073c4b0a014412992464d385918ec097b5

COCOAPODS: 1.10.0
