// !$*UTF8*$!
{
	archiveVersion = 1;
	classes = {
	};
	objectVersion = 51;
	objects = {

/* Begin PBXBuildFile section */
		517F80DD25ADD09B00BE9ECB /* PracticeTDDApp.swift in Sources */ = {isa = PBXBuildFile; fileRef = 517F80DC25ADD09B00BE9ECB /* PracticeTDDApp.swift */; };
		517F80DF25ADD09B00BE9ECB /* ContentView.swift in Sources */ = {isa = PBXBuildFile; fileRef = 517F80DE25ADD09B00BE9ECB /* ContentView.swift */; };
		517F80E125ADD09D00BE9ECB /* Assets.xcassets in Resources */ = {isa = PBXBuildFile; fileRef = 517F80E025ADD09D00BE9ECB /* Assets.xcassets */; };
		517F80E425ADD09D00BE9ECB /* Preview Assets.xcassets in Resources */ = {isa = PBXBuildFile; fileRef = 517F80E325ADD09D00BE9ECB /* Preview Assets.xcassets */; };
		517F80EF25ADD09D00BE9ECB /* LoginViewModelTest.swift in Sources */ = {isa = PBXBuildFile; fileRef = 517F80EE25ADD09D00BE9ECB /* LoginViewModelTest.swift */; };
		517F814525ADDFA600BE9ECB /* LoginView.swift in Sources */ = {isa = PBXBuildFile; fileRef = 517F814425ADDFA600BE9ECB /* LoginView.swift */; };
		517F814B25ADE2BA00BE9ECB /* LoginViewModel.swift in Sources */ = {isa = PBXBuildFile; fileRef = 517F814A25ADE2BA00BE9ECB /* LoginViewModel.swift */; };
		517F815125ADEB4500BE9ECB /* SharedData.swift in Sources */ = {isa = PBXBuildFile; fileRef = 517F815025ADEB4500BE9ECB /* SharedData.swift */; };
		89407F4694DA0D8838F613F9 /* Pods_PracticeTDD.framework in Frameworks */ = {isa = PBXBuildFile; fileRef = 6A05B55ED025B7680ED59E04 /* Pods_PracticeTDD.framework */; };
		B18A16F882431133E2ADC097 /* Pods_PracticeTDDTests.framework in Frameworks */ = {isa = PBXBuildFile; fileRef = D96557861823544AB5B4711B /* Pods_PracticeTDDTests.framework */; };
/* End PBXBuildFile section */

/* Begin PBXContainerItemProxy section */
		517F80EB25ADD09D00BE9ECB /* PBXContainerItemProxy */ = {
			isa = PBXContainerItemProxy;
			containerPortal = 517F80D125ADD09A00BE9ECB /* Project object */;
			proxyType = 1;
			remoteGlobalIDString = 517F80D825ADD09B00BE9ECB;
			remoteInfo = PracticeTDD;
		};
/* End PBXContainerItemProxy section */

/* Begin PBXFileReference section */
		12B763FE0E06643D1C522E38 /* Pods-PracticeTDDTests.release.xcconfig */ = {isa = PBXFileReference; includeInIndex = 1; lastKnownFileType = text.xcconfig; name = "Pods-PracticeTDDTests.release.xcconfig"; path = "Target Support Files/Pods-PracticeTDDTests/Pods-PracticeTDDTests.release.xcconfig"; sourceTree = "<group>"; };
		517F80D925ADD09B00BE9ECB /* PracticeTDD.app */ = {isa = PBXFileReference; explicitFileType = wrapper.application; includeInIndex = 0; path = PracticeTDD.app; sourceTree = BUILT_PRODUCTS_DIR; };
		517F80DC25ADD09B00BE9ECB /* PracticeTDDApp.swift */ = {isa = PBXFileReference; lastKnownFileType = sourcecode.swift; path = PracticeTDDApp.swift; sourceTree = "<group>"; };
		517F80DE25ADD09B00BE9ECB /* ContentView.swift */ = {isa = PBXFileReference; lastKnownFileType = sourcecode.swift; path = ContentView.swift; sourceTree = "<group>"; };
		517F80E025ADD09D00BE9ECB /* Assets.xcassets */ = {isa = PBXFileReference; lastKnownFileType = folder.assetcatalog; path = Assets.xcassets; sourceTree = "<group>"; };
		517F80E325ADD09D00BE9ECB /* Preview Assets.xcassets */ = {isa = PBXFileReference; lastKnownFileType = folder.assetcatalog; path = "Preview Assets.xcassets"; sourceTree = "<group>"; };
		517F80E525ADD09D00BE9ECB /* Info.plist */ = {isa = PBXFileReference; lastKnownFileType = text.plist.xml; path = Info.plist; sourceTree = "<group>"; };
		517F80EA25ADD09D00BE9ECB /* PracticeTDDTests.xctest */ = {isa = PBXFileReference; explicitFileType = wrapper.cfbundle; includeInIndex = 0; path = PracticeTDDTests.xctest; sourceTree = BUILT_PRODUCTS_DIR; };
		517F80EE25ADD09D00BE9ECB /* LoginViewModelTest.swift */ = {isa = PBXFileReference; lastKnownFileType = sourcecode.swift; path = LoginViewModelTest.swift; sourceTree = "<group>"; };
		517F80F025ADD09D00BE9ECB /* Info.plist */ = {isa = PBXFileReference; lastKnownFileType = text.plist.xml; path = Info.plist; sourceTree = "<group>"; };
		517F814425ADDFA600BE9ECB /* LoginView.swift */ = {isa = PBXFileReference; lastKnownFileType = sourcecode.swift; path = LoginView.swift; sourceTree = "<group>"; };
		517F814A25ADE2BA00BE9ECB /* LoginViewModel.swift */ = {isa = PBXFileReference; lastKnownFileType = sourcecode.swift; path = LoginViewModel.swift; sourceTree = "<group>"; };
		517F815025ADEB4500BE9ECB /* SharedData.swift */ = {isa = PBXFileReference; lastKnownFileType = sourcecode.swift; path = SharedData.swift; sourceTree = "<group>"; };
		6A05B55ED025B7680ED59E04 /* Pods_PracticeTDD.framework */ = {isa = PBXFileReference; explicitFileType = wrapper.framework; includeInIndex = 0; path = Pods_PracticeTDD.framework; sourceTree = BUILT_PRODUCTS_DIR; };
		7C6FB8E2460FAE8E7A778CFE /* Pods-PracticeTDDTests.debug.xcconfig */ = {isa = PBXFileReference; includeInIndex = 1; lastKnownFileType = text.xcconfig; name = "Pods-PracticeTDDTests.debug.xcconfig"; path = "Target Support Files/Pods-PracticeTDDTests/Pods-PracticeTDDTests.debug.xcconfig"; sourceTree = "<group>"; };
		C579F0E87E1E8C1A4772D4EF /* Pods-PracticeTDD.release.xcconfig */ = {isa = PBXFileReference; includeInIndex = 1; lastKnownFileType = text.xcconfig; name = "Pods-PracticeTDD.release.xcconfig"; path = "Target Support Files/Pods-PracticeTDD/Pods-PracticeTDD.release.xcconfig"; sourceTree = "<group>"; };
		D96557861823544AB5B4711B /* Pods_PracticeTDDTests.framework */ = {isa = PBXFileReference; explicitFileType = wrapper.framework; includeInIndex = 0; path = Pods_PracticeTDDTests.framework; sourceTree = BUILT_PRODUCTS_DIR; };
		E64EB1D5D842BA2111D6F341 /* Pods-PracticeTDD.debug.xcconfig */ = {isa = PBXFileReference; includeInIndex = 1; lastKnownFileType = text.xcconfig; name = "Pods-PracticeTDD.debug.xcconfig"; path = "Target Support Files/Pods-PracticeTDD/Pods-PracticeTDD.debug.xcconfig"; sourceTree = "<group>"; };
/* End PBXFileReference section */

/* Begin PBXFrameworksBuildPhase section */
		517F80D625ADD09B00BE9ECB /* Frameworks */ = {
			isa = PBXFrameworksBuildPhase;
			buildActionMask = 2147483647;
			files = (
				89407F4694DA0D8838F613F9 /* Pods_PracticeTDD.framework in Frameworks */,
			);
			runOnlyForDeploymentPostprocessing = 0;
		};
		517F80E725ADD09D00BE9ECB /* Frameworks */ = {
			isa = PBXFrameworksBuildPhase;
			buildActionMask = 2147483647;
			files = (
				B18A16F882431133E2ADC097 /* Pods_PracticeTDDTests.framework in Frameworks */,
			);
			runOnlyForDeploymentPostprocessing = 0;
		};
/* End PBXFrameworksBuildPhase section */

/* Begin PBXGroup section */
		517F80D025ADD09A00BE9ECB = {
			isa = PBXGroup;
			children = (
				517F80DB25ADD09B00BE9ECB /* PracticeTDD */,
				517F80ED25ADD09D00BE9ECB /* PracticeTDDTests */,
				517F80DA25ADD09B00BE9ECB /* Products */,
				FF8FA40422C92FEF7A835C91 /* Pods */,
				5B104A0C4AE4087C8AE0BEA2 /* Frameworks */,
			);
			sourceTree = "<group>";
		};
		517F80DA25ADD09B00BE9ECB /* Products */ = {
			isa = PBXGroup;
			children = (
				517F80D925ADD09B00BE9ECB /* PracticeTDD.app */,
				517F80EA25ADD09D00BE9ECB /* PracticeTDDTests.xctest */,
			);
			name = Products;
			sourceTree = "<group>";
		};
		517F80DB25ADD09B00BE9ECB /* PracticeTDD */ = {
			isa = PBXGroup;
			children = (
				517F80DC25ADD09B00BE9ECB /* PracticeTDDApp.swift */,
				517F80DE25ADD09B00BE9ECB /* ContentView.swift */,
				517F815425ADEB4D00BE9ECB /* Common */,
				517F814325ADDF4C00BE9ECB /* Login */,
				517F80E025ADD09D00BE9ECB /* Assets.xcassets */,
				517F80E525ADD09D00BE9ECB /* Info.plist */,
				517F80E225ADD09D00BE9ECB /* Preview Content */,
			);
			path = PracticeTDD;
			sourceTree = "<group>";
		};
		517F80E225ADD09D00BE9ECB /* Preview Content */ = {
			isa = PBXGroup;
			children = (
				517F80E325ADD09D00BE9ECB /* Preview Assets.xcassets */,
			);
			path = "Preview Content";
			sourceTree = "<group>";
		};
		517F80ED25ADD09D00BE9ECB /* PracticeTDDTests */ = {
			isa = PBXGroup;
			children = (
				517F80EE25ADD09D00BE9ECB /* LoginViewModelTest.swift */,
				517F80F025ADD09D00BE9ECB /* Info.plist */,
			);
			path = PracticeTDDTests;
			sourceTree = "<group>";
		};
		517F814325ADDF4C00BE9ECB /* Login */ = {
			isa = PBXGroup;
			children = (
				517F814425ADDFA600BE9ECB /* LoginView.swift */,
				517F814A25ADE2BA00BE9ECB /* LoginViewModel.swift */,
			);
			path = Login;
			sourceTree = "<group>";
		};
		517F815425ADEB4D00BE9ECB /* Common */ = {
			isa = PBXGroup;
			children = (
				517F815025ADEB4500BE9ECB /* SharedData.swift */,
			);
			path = Common;
			sourceTree = "<group>";
		};
		5B104A0C4AE4087C8AE0BEA2 /* Frameworks */ = {
			isa = PBXGroup;
			children = (
				6A05B55ED025B7680ED59E04 /* Pods_PracticeTDD.framework */,
				D96557861823544AB5B4711B /* Pods_PracticeTDDTests.framework */,
			);
			name = Frameworks;
			sourceTree = "<group>";
		};
		FF8FA40422C92FEF7A835C91 /* Pods */ = {
			isa = PBXGroup;
			children = (
				E64EB1D5D842BA2111D6F341 /* Pods-PracticeTDD.debug.xcconfig */,
				C579F0E87E1E8C1A4772D4EF /* Pods-PracticeTDD.release.xcconfig */,
				7C6FB8E2460FAE8E7A778CFE /* Pods-PracticeTDDTests.debug.xcconfig */,
				12B763FE0E06643D1C522E38 /* Pods-PracticeTDDTests.release.xcconfig */,
			);
			path = Pods;
			sourceTree = "<group>";
		};
/* End PBXGroup section */

/* Begin PBXNativeTarget section */
		517F80D825ADD09B00BE9ECB /* PracticeTDD */ = {
			isa = PBXNativeTarget;
			buildConfigurationList = 517F80FE25ADD09D00BE9ECB /* Build configuration list for PBXNativeTarget "PracticeTDD" */;
			buildPhases = (
				44DEC11FF9495A3889D47D78 /* [CP] Check Pods Manifest.lock */,
				517F80D525ADD09B00BE9ECB /* Sources */,
				517F80D625ADD09B00BE9ECB /* Frameworks */,
				517F80D725ADD09B00BE9ECB /* Resources */,
				57569BFF85C08446C54ED4D7 /* [CP] Embed Pods Frameworks */,
			);
			buildRules = (
			);
			dependencies = (
			);
			name = PracticeTDD;
			productName = PracticeTDD;
			productReference = 517F80D925ADD09B00BE9ECB /* PracticeTDD.app */;
			productType = "com.apple.product-type.application";
		};
		517F80E925ADD09D00BE9ECB /* PracticeTDDTests */ = {
			isa = PBXNativeTarget;
			buildConfigurationList = 517F810125ADD09D00BE9ECB /* Build configuration list for PBXNativeTarget "PracticeTDDTests" */;
			buildPhases = (
				3649BEAE84D042FA13417CEF /* [CP] Check Pods Manifest.lock */,
				517F80E625ADD09D00BE9ECB /* Sources */,
				517F80E725ADD09D00BE9ECB /* Frameworks */,
				517F80E825ADD09D00BE9ECB /* Resources */,
				394C42C1AB422DB5A37E8ECB /* [CP] Embed Pods Frameworks */,
			);
			buildRules = (
			);
			dependencies = (
				517F80EC25ADD09D00BE9ECB /* PBXTargetDependency */,
			);
			name = PracticeTDDTests;
			productName = PracticeTDDTests;
			productReference = 517F80EA25ADD09D00BE9ECB /* PracticeTDDTests.xctest */;
			productType = "com.apple.product-type.bundle.unit-test";
		};
/* End PBXNativeTarget section */

/* Begin PBXProject section */
		517F80D125ADD09A00BE9ECB /* Project object */ = {
			isa = PBXProject;
			attributes = {
				LastSwiftUpdateCheck = 1230;
				LastUpgradeCheck = 1230;
				TargetAttributes = {
					517F80D825ADD09B00BE9ECB = {
						CreatedOnToolsVersion = 12.3;
					};
					517F80E925ADD09D00BE9ECB = {
						CreatedOnToolsVersion = 12.3;
						TestTargetID = 517F80D825ADD09B00BE9ECB;
					};
				};
			};
			buildConfigurationList = 517F80D425ADD09A00BE9ECB /* Build configuration list for PBXProject "PracticeTDD" */;
			compatibilityVersion = "Xcode 9.3";
			developmentRegion = en;
			hasScannedForEncodings = 0;
			knownRegions = (
				en,
				Base,
			);
			mainGroup = 517F80D025ADD09A00BE9ECB;
			productRefGroup = 517F80DA25ADD09B00BE9ECB /* Products */;
			projectDirPath = "";
			projectRoot = "";
			targets = (
				517F80D825ADD09B00BE9ECB /* PracticeTDD */,
				517F80E925ADD09D00BE9ECB /* PracticeTDDTests */,
			);
		};
/* End PBXProject section */

/* Begin PBXResourcesBuildPhase section */
		517F80D725ADD09B00BE9ECB /* Resources */ = {
			isa = PBXResourcesBuildPhase;
			buildActionMask = 2147483647;
			files = (
				517F80E425ADD09D00BE9ECB /* Preview Assets.xcassets in Resources */,
				517F80E125ADD09D00BE9ECB /* Assets.xcassets in Resources */,
			);
			runOnlyForDeploymentPostprocessing = 0;
		};
		517F80E825ADD09D00BE9ECB /* Resources */ = {
			isa = PBXResourcesBuildPhase;
			buildActionMask = 2147483647;
			files = (
			);
			runOnlyForDeploymentPostprocessing = 0;
		};
/* End PBXResourcesBuildPhase section */

/* Begin PBXShellScriptBuildPhase section */
		3649BEAE84D042FA13417CEF /* [CP] Check Pods Manifest.lock */ = {
			isa = PBXShellScriptBuildPhase;
			buildActionMask = 2147483647;
			files = (
			);
			inputFileListPaths = (
			);
			inputPaths = (
				"${PODS_PODFILE_DIR_PATH}/Podfile.lock",
				"${PODS_ROOT}/Manifest.lock",
			);
			name = "[CP] Check Pods Manifest.lock";
			outputFileListPaths = (
			);
			outputPaths = (
				"$(DERIVED_FILE_DIR)/Pods-PracticeTDDTests-checkManifestLockResult.txt",
			);
			runOnlyForDeploymentPostprocessing = 0;
			shellPath = /bin/sh;
			shellScript = "diff \"${PODS_PODFILE_DIR_PATH}/Podfile.lock\" \"${PODS_ROOT}/Manifest.lock\" > /dev/null\nif [ $? != 0 ] ; then\n    # print error to STDERR\n    echo \"error: The sandbox is not in sync with the Podfile.lock. Run 'pod install' or update your CocoaPods installation.\" >&2\n    exit 1\nfi\n# This output is used by Xcode 'outputs' to avoid re-running this script phase.\necho \"SUCCESS\" > \"${SCRIPT_OUTPUT_FILE_0}\"\n";
			showEnvVarsInLog = 0;
		};
		394C42C1AB422DB5A37E8ECB /* [CP] Embed Pods Frameworks */ = {
			isa = PBXShellScriptBuildPhase;
			buildActionMask = 2147483647;
			files = (
			);
			inputFileListPaths = (
				"${PODS_ROOT}/Target Support Files/Pods-PracticeTDDTests/Pods-PracticeTDDTests-frameworks-${CONFIGURATION}-input-files.xcfilelist",
			);
			name = "[CP] Embed Pods Frameworks";
			outputFileListPaths = (
				"${PODS_ROOT}/Target Support Files/Pods-PracticeTDDTests/Pods-PracticeTDDTests-frameworks-${CONFIGURATION}-output-files.xcfilelist",
			);
			runOnlyForDeploymentPostprocessing = 0;
			shellPath = /bin/sh;
			shellScript = "\"${PODS_ROOT}/Target Support Files/Pods-PracticeTDDTests/Pods-PracticeTDDTests-frameworks.sh\"\n";
			showEnvVarsInLog = 0;
		};
		44DEC11FF9495A3889D47D78 /* [CP] Check Pods Manifest.lock */ = {
			isa = PBXShellScriptBuildPhase;
			buildActionMask = 2147483647;
			files = (
			);
			inputFileListPaths = (
			);
			inputPaths = (
				"${PODS_PODFILE_DIR_PATH}/Podfile.lock",
				"${PODS_ROOT}/Manifest.lock",
			);
			name = "[CP] Check Pods Manifest.lock";
			outputFileListPaths = (
			);
			outputPaths = (
				"$(DERIVED_FILE_DIR)/Pods-PracticeTDD-checkManifestLockResult.txt",
			);
			runOnlyForDeploymentPostprocessing = 0;
			shellPath = /bin/sh;
			shellScript = "diff \"${PODS_PODFILE_DIR_PATH}/Podfile.lock\" \"${PODS_ROOT}/Manifest.lock\" > /dev/null\nif [ $? != 0 ] ; then\n    # print error to STDERR\n    echo \"error: The sandbox is not in sync with the Podfile.lock. Run 'pod install' or update your CocoaPods installation.\" >&2\n    exit 1\nfi\n# This output is used by Xcode 'outputs' to avoid re-running this script phase.\necho \"SUCCESS\" > \"${SCRIPT_OUTPUT_FILE_0}\"\n";
			showEnvVarsInLog = 0;
		};
		57569BFF85C08446C54ED4D7 /* [CP] Embed Pods Frameworks */ = {
			isa = PBXShellScriptBuildPhase;
			buildActionMask = 2147483647;
			files = (
			);
			inputFileListPaths = (
				"${PODS_ROOT}/Target Support Files/Pods-PracticeTDD/Pods-PracticeTDD-frameworks-${CONFIGURATION}-input-files.xcfilelist",
			);
			name = "[CP] Embed Pods Frameworks";
			outputFileListPaths = (
				"${PODS_ROOT}/Target Support Files/Pods-PracticeTDD/Pods-PracticeTDD-frameworks-${CONFIGURATION}-output-files.xcfilelist",
			);
			runOnlyForDeploymentPostprocessing = 0;
			shellPath = /bin/sh;
			shellScript = "\"${PODS_ROOT}/Target Support Files/Pods-PracticeTDD/Pods-PracticeTDD-frameworks.sh\"\n";
			showEnvVarsInLog = 0;
		};
/* End PBXShellScriptBuildPhase section */

/* Begin PBXSourcesBuildPhase section */
		517F80D525ADD09B00BE9ECB /* Sources */ = {
			isa = PBXSourcesBuildPhase;
			buildActionMask = 2147483647;
			files = (
				517F814B25ADE2BA00BE9ECB /* LoginViewModel.swift in Sources */,
				517F814525ADDFA600BE9ECB /* LoginView.swift in Sources */,
				517F80DF25ADD09B00BE9ECB /* ContentView.swift in Sources */,
				517F815125ADEB4500BE9ECB /* SharedData.swift in Sources */,
				517F80DD25ADD09B00BE9ECB /* PracticeTDDApp.swift in Sources */,
			);
			runOnlyForDeploymentPostprocessing = 0;
		};
		517F80E625ADD09D00BE9ECB /* Sources */ = {
			isa = PBXSourcesBuildPhase;
			buildActionMask = 2147483647;
			files = (
				517F80EF25ADD09D00BE9ECB /* LoginViewModelTest.swift in Sources */,
			);
			runOnlyForDeploymentPostprocessing = 0;
		};
/* End PBXSourcesBuildPhase section */

/* Begin PBXTargetDependency section */
		517F80EC25ADD09D00BE9ECB /* PBXTargetDependency */ = {
			isa = PBXTargetDependency;
			target = 517F80D825ADD09B00BE9ECB /* PracticeTDD */;
			targetProxy = 517F80EB25ADD09D00BE9ECB /* PBXContainerItemProxy */;
		};
/* End PBXTargetDependency section */

/* Begin XCBuildConfiguration section */
		517F80FC25ADD09D00BE9ECB /* Debug */ = {
			isa = XCBuildConfiguration;
			buildSettings = {
				ALWAYS_SEARCH_USER_PATHS = NO;
				CLANG_ANALYZER_NONNULL = YES;
				CLANG_ANALYZER_NUMBER_OBJECT_CONVERSION = YES_AGGRESSIVE;
				CLANG_CXX_LANGUAGE_STANDARD = "gnu++14";
				CLANG_CXX_LIBRARY = "libc++";
				CLANG_ENABLE_MODULES = YES;
				CLANG_ENABLE_OBJC_ARC = YES;
				CLANG_ENABLE_OBJC_WEAK = YES;
				CLANG_WARN_BLOCK_CAPTURE_AUTORELEASING = YES;
				CLANG_WARN_BOOL_CONVERSION = YES;
				CLANG_WARN_COMMA = YES;
				CLANG_WARN_CONSTANT_CONVERSION = YES;
				CLANG_WARN_DEPRECATED_OBJC_IMPLEMENTATIONS = YES;
				CLANG_WARN_DIRECT_OBJC_ISA_USAGE = YES_ERROR;
				CLANG_WARN_DOCUMENTATION_COMMENTS = YES;
				CLANG_WARN_EMPTY_BODY = YES;
				CLANG_WARN_ENUM_CONVERSION = YES;
				CLANG_WARN_INFINITE_RECURSION = YES;
				CLANG_WARN_INT_CONVERSION = YES;
				CLANG_WARN_NON_LITERAL_NULL_CONVERSION = YES;
				CLANG_WARN_OBJC_IMPLICIT_RETAIN_SELF = YES;
				CLANG_WARN_OBJC_LITERAL_CONVERSION = YES;
				CLANG_WARN_OBJC_ROOT_CLASS = YES_ERROR;
				CLANG_WARN_QUOTED_INCLUDE_IN_FRAMEWORK_HEADER = YES;
				CLANG_WARN_RANGE_LOOP_ANALYSIS = YES;
				CLANG_WARN_STRICT_PROTOTYPES = YES;
				CLANG_WARN_SUSPICIOUS_MOVE = YES;
				CLANG_WARN_UNGUARDED_AVAILABILITY = YES_AGGRESSIVE;
				CLANG_WARN_UNREACHABLE_CODE = YES;
				CLANG_WARN__DUPLICATE_METHOD_MATCH = YES;
				COPY_PHASE_STRIP = NO;
				DEBUG_INFORMATION_FORMAT = dwarf;
				ENABLE_STRICT_OBJC_MSGSEND = YES;
				ENABLE_TESTABILITY = YES;
				GCC_C_LANGUAGE_STANDARD = gnu11;
				GCC_DYNAMIC_NO_PIC = NO;
				GCC_NO_COMMON_BLOCKS = YES;
				GCC_OPTIMIZATION_LEVEL = 0;
				GCC_PREPROCESSOR_DEFINITIONS = (
					"DEBUG=1",
					"$(inherited)",
				);
				GCC_WARN_64_TO_32_BIT_CONVERSION = YES;
				GCC_WARN_ABOUT_RETURN_TYPE = YES_ERROR;
				GCC_WARN_UNDECLARED_SELECTOR = YES;
				GCC_WARN_UNINITIALIZED_AUTOS = YES_AGGRESSIVE;
				GCC_WARN_UNUSED_FUNCTION = YES;
				GCC_WARN_UNUSED_VARIABLE = YES;
				IPHONEOS_DEPLOYMENT_TARGET = 14.3;
				MTL_ENABLE_DEBUG_INFO = INCLUDE_SOURCE;
				MTL_FAST_MATH = YES;
				ONLY_ACTIVE_ARCH = YES;
				SDKROOT = iphoneos;
				SWIFT_ACTIVE_COMPILATION_CONDITIONS = DEBUG;
				SWIFT_OPTIMIZATION_LEVEL = "-Onone";
			};
			name = Debug;
		};
		517F80FD25ADD09D00BE9ECB /* Release */ = {
			isa = XCBuildConfiguration;
			buildSettings = {
				ALWAYS_SEARCH_USER_PATHS = NO;
				CLANG_ANALYZER_NONNULL = YES;
				CLANG_ANALYZER_NUMBER_OBJECT_CONVERSION = YES_AGGRESSIVE;
				CLANG_CXX_LANGUAGE_STANDARD = "gnu++14";
				CLANG_CXX_LIBRARY = "libc++";
				CLANG_ENABLE_MODULES = YES;
				CLANG_ENABLE_OBJC_ARC = YES;
				CLANG_ENABLE_OBJC_WEAK = YES;
				CLANG_WARN_BLOCK_CAPTURE_AUTORELEASING = YES;
				CLANG_WARN_BOOL_CONVERSION = YES;
				CLANG_WARN_COMMA = YES;
				CLANG_WARN_CONSTANT_CONVERSION = YES;
				CLANG_WARN_DEPRECATED_OBJC_IMPLEMENTATIONS = YES;
				CLANG_WARN_DIRECT_OBJC_ISA_USAGE = YES_ERROR;
				CLANG_WARN_DOCUMENTATION_COMMENTS = YES;
				CLANG_WARN_EMPTY_BODY = YES;
				CLANG_WARN_ENUM_CONVERSION = YES;
				CLANG_WARN_INFINITE_RECURSION = YES;
				CLANG_WARN_INT_CONVERSION = YES;
				CLANG_WARN_NON_LITERAL_NULL_CONVERSION = YES;
				CLANG_WARN_OBJC_IMPLICIT_RETAIN_SELF = YES;
				CLANG_WARN_OBJC_LITERAL_CONVERSION = YES;
				CLANG_WARN_OBJC_ROOT_CLASS = YES_ERROR;
				CLANG_WARN_QUOTED_INCLUDE_IN_FRAMEWORK_HEADER = YES;
				CLANG_WARN_RANGE_LOOP_ANALYSIS = YES;
				CLANG_WARN_STRICT_PROTOTYPES = YES;
				CLANG_WARN_SUSPICIOUS_MOVE = YES;
				CLANG_WARN_UNGUARDED_AVAILABILITY = YES_AGGRESSIVE;
				CLANG_WARN_UNREACHABLE_CODE = YES;
				CLANG_WARN__DUPLICATE_METHOD_MATCH = YES;
				COPY_PHASE_STRIP = NO;
				DEBUG_INFORMATION_FORMAT = "dwarf-with-dsym";
				ENABLE_NS_ASSERTIONS = NO;
				ENABLE_STRICT_OBJC_MSGSEND = YES;
				GCC_C_LANGUAGE_STANDARD = gnu11;
				GCC_NO_COMMON_BLOCKS = YES;
				GCC_WARN_64_TO_32_BIT_CONVERSION = YES;
				GCC_WARN_ABOUT_RETURN_TYPE = YES_ERROR;
				GCC_WARN_UNDECLARED_SELECTOR = YES;
				GCC_WARN_UNINITIALIZED_AUTOS = YES_AGGRESSIVE;
				GCC_WARN_UNUSED_FUNCTION = YES;
				GCC_WARN_UNUSED_VARIABLE = YES;
				IPHONEOS_DEPLOYMENT_TARGET = 14.3;
				MTL_ENABLE_DEBUG_INFO = NO;
				MTL_FAST_MATH = YES;
				SDKROOT = iphoneos;
				SWIFT_COMPILATION_MODE = wholemodule;
				SWIFT_OPTIMIZATION_LEVEL = "-O";
				VALIDATE_PRODUCT = YES;
			};
			name = Release;
		};
		517F80FF25ADD09D00BE9ECB /* Debug */ = {
			isa = XCBuildConfiguration;
			baseConfigurationReference = E64EB1D5D842BA2111D6F341 /* Pods-PracticeTDD.debug.xcconfig */;
			buildSettings = {
				ASSETCATALOG_COMPILER_APPICON_NAME = AppIcon;
				ASSETCATALOG_COMPILER_GLOBAL_ACCENT_COLOR_NAME = AccentColor;
				CODE_SIGN_STYLE = Automatic;
				DEVELOPMENT_ASSET_PATHS = "\"PracticeTDD/Preview Content\"";
				DEVELOPMENT_TEAM = DLY5388CL9;
				ENABLE_PREVIEWS = YES;
				INFOPLIST_FILE = PracticeTDD/Info.plist;
				IPHONEOS_DEPLOYMENT_TARGET = 14.0;
				LD_RUNPATH_SEARCH_PATHS = (
					"$(inherited)",
					"@executable_path/Frameworks",
				);
				MARKETING_VERSION = 1.0.0;
				PRODUCT_BUNDLE_IDENTIFIER = mephrine.study.PracticeTDD;
				PRODUCT_NAME = "$(TARGET_NAME)";
				SWIFT_VERSION = 5.0;
				TARGETED_DEVICE_FAMILY = "1,2";
			};
			name = Debug;
		};
		517F810025ADD09D00BE9ECB /* Release */ = {
			isa = XCBuildConfiguration;
			baseConfigurationReference = C579F0E87E1E8C1A4772D4EF /* Pods-PracticeTDD.release.xcconfig */;
			buildSettings = {
				ASSETCATALOG_COMPILER_APPICON_NAME = AppIcon;
				ASSETCATALOG_COMPILER_GLOBAL_ACCENT_COLOR_NAME = AccentColor;
				CODE_SIGN_STYLE = Automatic;
				DEVELOPMENT_ASSET_PATHS = "\"PracticeTDD/Preview Content\"";
				DEVELOPMENT_TEAM = DLY5388CL9;
				ENABLE_PREVIEWS = YES;
				INFOPLIST_FILE = PracticeTDD/Info.plist;
				IPHONEOS_DEPLOYMENT_TARGET = 14.0;
				LD_RUNPATH_SEARCH_PATHS = (
					"$(inherited)",
					"@executable_path/Frameworks",
				);
				MARKETING_VERSION = 1.0.0;
				PRODUCT_BUNDLE_IDENTIFIER = mephrine.study.PracticeTDD;
				PRODUCT_NAME = "$(TARGET_NAME)";
				SWIFT_VERSION = 5.0;
				TARGETED_DEVICE_FAMILY = "1,2";
			};
			name = Release;
		};
		517F810225ADD09D00BE9ECB /* Debug */ = {
			isa = XCBuildConfiguration;
			baseConfigurationReference = 7C6FB8E2460FAE8E7A778CFE /* Pods-PracticeTDDTests.debug.xcconfig */;
			buildSettings = {
				ALWAYS_EMBED_SWIFT_STANDARD_LIBRARIES = YES;
				BUNDLE_LOADER = "$(TEST_HOST)";
				CODE_SIGN_STYLE = Automatic;
				DEVELOPMENT_TEAM = DLY5388CL9;
				INFOPLIST_FILE = PracticeTDDTests/Info.plist;
				IPHONEOS_DEPLOYMENT_TARGET = 14.0;
				LD_RUNPATH_SEARCH_PATHS = (
					"$(inherited)",
					"@executable_path/Frameworks",
					"@loader_path/Frameworks",
				);
				PRODUCT_BUNDLE_IDENTIFIER = mephrine.study.PracticeTDDTests;
				PRODUCT_NAME = "$(TARGET_NAME)";
				SWIFT_VERSION = 5.0;
				TARGETED_DEVICE_FAMILY = "1,2";
				TEST_HOST = "$(BUILT_PRODUCTS_DIR)/PracticeTDD.app/PracticeTDD";
			};
			name = Debug;
		};
		517F810325ADD09D00BE9ECB /* Release */ = {
			isa = XCBuildConfiguration;
			baseConfigurationReference = 12B763FE0E06643D1C522E38 /* Pods-PracticeTDDTests.release.xcconfig */;
			buildSettings = {
				ALWAYS_EMBED_SWIFT_STANDARD_LIBRARIES = YES;
				BUNDLE_LOADER = "$(TEST_HOST)";
				CODE_SIGN_STYLE = Automatic;
				DEVELOPMENT_TEAM = DLY5388CL9;
				INFOPLIST_FILE = PracticeTDDTests/Info.plist;
				IPHONEOS_DEPLOYMENT_TARGET = 14.0;
				LD_RUNPATH_SEARCH_PATHS = (
					"$(inherited)",
					"@executable_path/Frameworks",
					"@loader_path/Frameworks",
				);
				PRODUCT_BUNDLE_IDENTIFIER = mephrine.study.PracticeTDDTests;
				PRODUCT_NAME = "$(TARGET_NAME)";
				SWIFT_VERSION = 5.0;
				TARGETED_DEVICE_FAMILY = "1,2";
				TEST_HOST = "$(BUILT_PRODUCTS_DIR)/PracticeTDD.app/PracticeTDD";
			};
			name = Release;
		};
/* End XCBuildConfiguration section */

/* Begin XCConfigurationList section */
		517F80D425ADD09A00BE9ECB /* Build configuration list for PBXProject "PracticeTDD" */ = {
			isa = XCConfigurationList;
			buildConfigurations = (
				517F80FC25ADD09D00BE9ECB /* Debug */,
				517F80FD25ADD09D00BE9ECB /* Release */,
			);
			defaultConfigurationIsVisible = 0;
			defaultConfigurationName = Release;
		};
		517F80FE25ADD09D00BE9ECB /* Build configuration list for PBXNativeTarget "PracticeTDD" */ = {
			isa = XCConfigurationList;
			buildConfigurations = (
				517F80FF25ADD09D00BE9ECB /* Debug */,
				517F810025ADD09D00BE9ECB /* Release */,
			);
			defaultConfigurationIsVisible = 0;
			defaultConfigurationName = Release;
		};
		517F810125ADD09D00BE9ECB /* Build configuration list for PBXNativeTarget "PracticeTDDTests" */ = {
			isa = XCConfigurationList;
			buildConfigurations = (
				517F810225ADD09D00BE9ECB /* Debug */,
				517F810325ADD09D00BE9ECB /* Release */,
			);
			defaultConfigurationIsVisible = 0;
			defaultConfigurationName = Release;
		};
/* End XCConfigurationList section */
	};
	rootObject = 517F80D125ADD09A00BE9ECB /* Project object */;
}
