// !$*UTF8*$!
{
	archiveVersion = 1;
	classes = {
	};
	objectVersion = 51;
	objects = {

/* Begin PBXBuildFile section */
		517F80DD25ADD09B00BE9ECB /* PracticeTDDApp.swift in Sources */ = {isa = PBXBuildFile; fileRef = 517F80DC25ADD09B00BE9ECB /* PracticeTDDApp.swift */; };
		517F80DF25ADD09B00BE9ECB /* SearchUsersView.swift in Sources */ = {isa = PBXBuildFile; fileRef = 517F80DE25ADD09B00BE9ECB /* SearchUsersView.swift */; };
		517F80E125ADD09D00BE9ECB /* Assets.xcassets in Resources */ = {isa = PBXBuildFile; fileRef = 517F80E025ADD09D00BE9ECB /* Assets.xcassets */; };
		517F80E425ADD09D00BE9ECB /* Preview Assets.xcassets in Resources */ = {isa = PBXBuildFile; fileRef = 517F80E325ADD09D00BE9ECB /* Preview Assets.xcassets */; };
		517F80EF25ADD09D00BE9ECB /* SearchUserViewModelTest.swift in Sources */ = {isa = PBXBuildFile; fileRef = 517F80EE25ADD09D00BE9ECB /* SearchUserViewModelTest.swift */; };
		517F815125ADEB4500BE9ECB /* SharedData.swift in Sources */ = {isa = PBXBuildFile; fileRef = 517F815025ADEB4500BE9ECB /* SharedData.swift */; };
		5188C52225C5768800B1889B /* AppDIContainer.swift in Sources */ = {isa = PBXBuildFile; fileRef = 5188C52125C5768800B1889B /* AppDIContainer.swift */; };
		5188C52825C576AC00B1889B /* AppAppearance.swift in Sources */ = {isa = PBXBuildFile; fileRef = 5188C52725C576AC00B1889B /* AppAppearance.swift */; };
		5188C52C25C576B700B1889B /* AppConfigurations.swift in Sources */ = {isa = PBXBuildFile; fileRef = 5188C52B25C576B700B1889B /* AppConfigurations.swift */; };
		5188C53025C576CD00B1889B /* AppFlowCoordinator.swift in Sources */ = {isa = PBXBuildFile; fileRef = 5188C52F25C576CD00B1889B /* AppFlowCoordinator.swift */; };
		5188C53425C576E200B1889B /* LoginSceenDIContainer.swift in Sources */ = {isa = PBXBuildFile; fileRef = 5188C53325C576E200B1889B /* LoginSceenDIContainer.swift */; };
		5188C54E25C578AE00B1889B /* EnterMainFlowCoordinator.swift in Sources */ = {isa = PBXBuildFile; fileRef = 5188C54D25C578AE00B1889B /* EnterMainFlowCoordinator.swift */; };
		5188C55725C5791100B1889B /* SearchUsersViewModel.swift in Sources */ = {isa = PBXBuildFile; fileRef = 5188C55625C5791100B1889B /* SearchUsersViewModel.swift */; };
		5188C56A25C579AB00B1889B /* LoadingView.swift in Sources */ = {isa = PBXBuildFile; fileRef = 5188C56925C579AB00B1889B /* LoadingView.swift */; };
		5188C57A25C57A2C00B1889B /* CGSize+ScaledSize.swift in Sources */ = {isa = PBXBuildFile; fileRef = 5188C57925C57A2C00B1889B /* CGSize+ScaledSize.swift */; };
		5188C57E25C57B4C00B1889B /* Alertable.swift in Sources */ = {isa = PBXBuildFile; fileRef = 5188C57D25C57B4C00B1889B /* Alertable.swift */; };
		5188C58225C591E900B1889B /* AccesibilityIdentifier.swift in Sources */ = {isa = PBXBuildFile; fileRef = 5188C58125C591E900B1889B /* AccesibilityIdentifier.swift */; };
		5188C58A25C5929200B1889B /* Users.swift in Sources */ = {isa = PBXBuildFile; fileRef = 5188C58925C5929200B1889B /* Users.swift */; };
		5188C59025C592AF00B1889B /* GetSearchUsers.swift in Sources */ = {isa = PBXBuildFile; fileRef = 5188C58F25C592AF00B1889B /* GetSearchUsers.swift */; };
		5188C59525C592DA00B1889B /* UseCase.swift in Sources */ = {isa = PBXBuildFile; fileRef = 5188C59425C592DA00B1889B /* UseCase.swift */; };
		5188C59B25C592F600B1889B /* Cancellable.swift in Sources */ = {isa = PBXBuildFile; fileRef = 5188C59A25C592F600B1889B /* Cancellable.swift */; };
		5188C5A025C5934200B1889B /* SearchUsersRepository.swift in Sources */ = {isa = PBXBuildFile; fileRef = 5188C59F25C5934200B1889B /* SearchUsersRepository.swift */; };
		5188C5C225C594F800B1889B /* Localizable.strings in Resources */ = {isa = PBXBuildFile; fileRef = 5188C5C425C594F800B1889B /* Localizable.strings */; };
		5188C5C925C5956A00B1889B /* ConnectionError.swift in Sources */ = {isa = PBXBuildFile; fileRef = 5188C5C825C5956A00B1889B /* ConnectionError.swift */; };
		5188C5D625C595F500B1889B /* RepositoryTask.swift in Sources */ = {isa = PBXBuildFile; fileRef = 5188C5D525C595F500B1889B /* RepositoryTask.swift */; };
		5188C5DC25C5963000B1889B /* SearchUsersRepositoryImpl.swift in Sources */ = {isa = PBXBuildFile; fileRef = 5188C5DB25C5963000B1889B /* SearchUsersRepositoryImpl.swift */; };
		5188C5E025C596CF00B1889B /* APIEndpoints.swift in Sources */ = {isa = PBXBuildFile; fileRef = 5188C5DF25C596CF00B1889B /* APIEndpoints.swift */; };
		5188C5EE25C5970C00B1889B /* UsersDTO+Mapping.swift in Sources */ = {isa = PBXBuildFile; fileRef = 5188C5ED25C5970C00B1889B /* UsersDTO+Mapping.swift */; };
		5188C60025C59D0A00B1889B /* CoreDataStorage.swift in Sources */ = {isa = PBXBuildFile; fileRef = 5188C5FF25C59D0A00B1889B /* CoreDataStorage.swift */; };
		5188C60B25C59E1B00B1889B /* SearchKeywordsStorage.swift in Sources */ = {isa = PBXBuildFile; fileRef = 5188C60A25C59E1B00B1889B /* SearchKeywordsStorage.swift */; };
		5188C61125C59E3100B1889B /* CoreDataSearchKeywordsStorage.swift in Sources */ = {isa = PBXBuildFile; fileRef = 5188C61025C59E3100B1889B /* CoreDataSearchKeywordsStorage.swift */; };
		5188C61A25C59E6300B1889B /* UsersDAO+Mapping.swift in Sources */ = {isa = PBXBuildFile; fileRef = 5188C61925C59E6300B1889B /* UsersDAO+Mapping.swift */; };
		5188C62025C59E7300B1889B /* UserDefaultsSearchKeywordsStorage.swift in Sources */ = {isa = PBXBuildFile; fileRef = 5188C61F25C59E7300B1889B /* UserDefaultsSearchKeywordsStorage.swift */; };
		5188C62525C59E9C00B1889B /* UsersUD+Mapping.swift in Sources */ = {isa = PBXBuildFile; fileRef = 5188C62425C59E9C00B1889B /* UsersUD+Mapping.swift */; };
		5188C62D25C59ED700B1889B /* CoreDataStorage.xcdatamodeld in Sources */ = {isa = PBXBuildFile; fileRef = 5188C62A25C59ED700B1889B /* CoreDataStorage.xcdatamodeld */; };
		5188C63525C59F9F00B1889B /* NetworkService.swift in Sources */ = {isa = PBXBuildFile; fileRef = 5188C63125C59F9F00B1889B /* NetworkService.swift */; };
		5188C63625C59F9F00B1889B /* Endpoint.swift in Sources */ = {isa = PBXBuildFile; fileRef = 5188C63225C59F9F00B1889B /* Endpoint.swift */; };
		5188C63725C59F9F00B1889B /* NetworkConfig.swift in Sources */ = {isa = PBXBuildFile; fileRef = 5188C63325C59F9F00B1889B /* NetworkConfig.swift */; };
		5188C63825C59F9F00B1889B /* DataTransferService.swift in Sources */ = {isa = PBXBuildFile; fileRef = 5188C63425C59F9F00B1889B /* DataTransferService.swift */; };
		89407F4694DA0D8838F613F9 /* Pods_PracticeTDD.framework in Frameworks */ = {isa = PBXBuildFile; fileRef = 6A05B55ED025B7680ED59E04 /* Pods_PracticeTDD.framework */; };
		B18A16F882431133E2ADC097 /* Pods_PracticeTDDTests.framework in Frameworks */ = {isa = PBXBuildFile; fileRef = D96557861823544AB5B4711B /* Pods_PracticeTDDTests.framework */; };
/* End PBXBuildFile section */

/* Begin PBXContainerItemProxy section */
		517F80EB25ADD09D00BE9ECB /* PBXContainerItemProxy */ = {
			isa = PBXContainerItemProxy;
			containerPortal = 517F80D125ADD09A00BE9ECB /* Project object */;
			proxyType = 1;
			remoteGlobalIDString = 517F80D825ADD09B00BE9ECB;
			remoteInfo = PracticeTDD;
		};
/* End PBXContainerItemProxy section */

/* Begin PBXFileReference section */
		12B763FE0E06643D1C522E38 /* Pods-PracticeTDDTests.release.xcconfig */ = {isa = PBXFileReference; includeInIndex = 1; lastKnownFileType = text.xcconfig; name = "Pods-PracticeTDDTests.release.xcconfig"; path = "Target Support Files/Pods-PracticeTDDTests/Pods-PracticeTDDTests.release.xcconfig"; sourceTree = "<group>"; };
		517F80D925ADD09B00BE9ECB /* PracticeTDD.app */ = {isa = PBXFileReference; explicitFileType = wrapper.application; includeInIndex = 0; path = PracticeTDD.app; sourceTree = BUILT_PRODUCTS_DIR; };
		517F80DC25ADD09B00BE9ECB /* PracticeTDDApp.swift */ = {isa = PBXFileReference; lastKnownFileType = sourcecode.swift; path = PracticeTDDApp.swift; sourceTree = "<group>"; };
		517F80DE25ADD09B00BE9ECB /* SearchUsersView.swift */ = {isa = PBXFileReference; lastKnownFileType = sourcecode.swift; path = SearchUsersView.swift; sourceTree = "<group>"; };
		517F80E025ADD09D00BE9ECB /* Assets.xcassets */ = {isa = PBXFileReference; lastKnownFileType = folder.assetcatalog; path = Assets.xcassets; sourceTree = "<group>"; };
		517F80E325ADD09D00BE9ECB /* Preview Assets.xcassets */ = {isa = PBXFileReference; lastKnownFileType = folder.assetcatalog; path = "Preview Assets.xcassets"; sourceTree = "<group>"; };
		517F80E525ADD09D00BE9ECB /* Info.plist */ = {isa = PBXFileReference; lastKnownFileType = text.plist.xml; path = Info.plist; sourceTree = "<group>"; };
		517F80EA25ADD09D00BE9ECB /* PracticeTDDTests.xctest */ = {isa = PBXFileReference; explicitFileType = wrapper.cfbundle; includeInIndex = 0; path = PracticeTDDTests.xctest; sourceTree = BUILT_PRODUCTS_DIR; };
		517F80EE25ADD09D00BE9ECB /* SearchUserViewModelTest.swift */ = {isa = PBXFileReference; lastKnownFileType = sourcecode.swift; path = SearchUserViewModelTest.swift; sourceTree = "<group>"; };
		517F80F025ADD09D00BE9ECB /* Info.plist */ = {isa = PBXFileReference; lastKnownFileType = text.plist.xml; path = Info.plist; sourceTree = "<group>"; };
		517F815025ADEB4500BE9ECB /* SharedData.swift */ = {isa = PBXFileReference; lastKnownFileType = sourcecode.swift; path = SharedData.swift; sourceTree = "<group>"; };
		5188C52125C5768800B1889B /* AppDIContainer.swift */ = {isa = PBXFileReference; lastKnownFileType = sourcecode.swift; path = AppDIContainer.swift; sourceTree = "<group>"; };
		5188C52725C576AC00B1889B /* AppAppearance.swift */ = {isa = PBXFileReference; lastKnownFileType = sourcecode.swift; path = AppAppearance.swift; sourceTree = "<group>"; };
		5188C52B25C576B700B1889B /* AppConfigurations.swift */ = {isa = PBXFileReference; lastKnownFileType = sourcecode.swift; path = AppConfigurations.swift; sourceTree = "<group>"; };
		5188C52F25C576CD00B1889B /* AppFlowCoordinator.swift */ = {isa = PBXFileReference; lastKnownFileType = sourcecode.swift; path = AppFlowCoordinator.swift; sourceTree = "<group>"; };
		5188C53325C576E200B1889B /* LoginSceenDIContainer.swift */ = {isa = PBXFileReference; lastKnownFileType = sourcecode.swift; path = LoginSceenDIContainer.swift; sourceTree = "<group>"; };
		5188C54D25C578AE00B1889B /* EnterMainFlowCoordinator.swift */ = {isa = PBXFileReference; lastKnownFileType = sourcecode.swift; path = EnterMainFlowCoordinator.swift; sourceTree = "<group>"; };
		5188C55625C5791100B1889B /* SearchUsersViewModel.swift */ = {isa = PBXFileReference; lastKnownFileType = sourcecode.swift; path = SearchUsersViewModel.swift; sourceTree = "<group>"; };
		5188C56925C579AB00B1889B /* LoadingView.swift */ = {isa = PBXFileReference; lastKnownFileType = sourcecode.swift; path = LoadingView.swift; sourceTree = "<group>"; };
		5188C57925C57A2C00B1889B /* CGSize+ScaledSize.swift */ = {isa = PBXFileReference; lastKnownFileType = sourcecode.swift; path = "CGSize+ScaledSize.swift"; sourceTree = "<group>"; };
		5188C57D25C57B4C00B1889B /* Alertable.swift */ = {isa = PBXFileReference; lastKnownFileType = sourcecode.swift; path = Alertable.swift; sourceTree = "<group>"; };
		5188C58125C591E900B1889B /* AccesibilityIdentifier.swift */ = {isa = PBXFileReference; lastKnownFileType = sourcecode.swift; path = AccesibilityIdentifier.swift; sourceTree = "<group>"; };
		5188C58925C5929200B1889B /* Users.swift */ = {isa = PBXFileReference; lastKnownFileType = sourcecode.swift; path = Users.swift; sourceTree = "<group>"; };
		5188C58F25C592AF00B1889B /* GetSearchUsers.swift */ = {isa = PBXFileReference; lastKnownFileType = sourcecode.swift; path = GetSearchUsers.swift; sourceTree = "<group>"; };
		5188C59425C592DA00B1889B /* UseCase.swift */ = {isa = PBXFileReference; lastKnownFileType = sourcecode.swift; path = UseCase.swift; sourceTree = "<group>"; };
		5188C59A25C592F600B1889B /* Cancellable.swift */ = {isa = PBXFileReference; lastKnownFileType = sourcecode.swift; path = Cancellable.swift; sourceTree = "<group>"; };
		5188C59F25C5934200B1889B /* SearchUsersRepository.swift */ = {isa = PBXFileReference; lastKnownFileType = sourcecode.swift; path = SearchUsersRepository.swift; sourceTree = "<group>"; };
		5188C5C325C594F800B1889B /* ko */ = {isa = PBXFileReference; lastKnownFileType = text.plist.strings; name = ko; path = ko.lproj/Localizable.strings; sourceTree = "<group>"; };
		5188C5C725C5950400B1889B /* en */ = {isa = PBXFileReference; lastKnownFileType = text.plist.strings; name = en; path = en.lproj/Localizable.strings; sourceTree = "<group>"; };
		5188C5C825C5956A00B1889B /* ConnectionError.swift */ = {isa = PBXFileReference; lastKnownFileType = sourcecode.swift; path = ConnectionError.swift; sourceTree = "<group>"; };
		5188C5D525C595F500B1889B /* RepositoryTask.swift */ = {isa = PBXFileReference; lastKnownFileType = sourcecode.swift; path = RepositoryTask.swift; sourceTree = "<group>"; };
		5188C5DB25C5963000B1889B /* SearchUsersRepositoryImpl.swift */ = {isa = PBXFileReference; lastKnownFileType = sourcecode.swift; path = SearchUsersRepositoryImpl.swift; sourceTree = "<group>"; };
		5188C5DF25C596CF00B1889B /* APIEndpoints.swift */ = {isa = PBXFileReference; lastKnownFileType = sourcecode.swift; path = APIEndpoints.swift; sourceTree = "<group>"; };
		5188C5ED25C5970C00B1889B /* UsersDTO+Mapping.swift */ = {isa = PBXFileReference; lastKnownFileType = sourcecode.swift; path = "UsersDTO+Mapping.swift"; sourceTree = "<group>"; };
		5188C5FF25C59D0A00B1889B /* CoreDataStorage.swift */ = {isa = PBXFileReference; lastKnownFileType = sourcecode.swift; path = CoreDataStorage.swift; sourceTree = "<group>"; };
		5188C60A25C59E1B00B1889B /* SearchKeywordsStorage.swift */ = {isa = PBXFileReference; lastKnownFileType = sourcecode.swift; path = SearchKeywordsStorage.swift; sourceTree = "<group>"; };
		5188C61025C59E3100B1889B /* CoreDataSearchKeywordsStorage.swift */ = {isa = PBXFileReference; lastKnownFileType = sourcecode.swift; path = CoreDataSearchKeywordsStorage.swift; sourceTree = "<group>"; };
		5188C61925C59E6300B1889B /* UsersDAO+Mapping.swift */ = {isa = PBXFileReference; lastKnownFileType = sourcecode.swift; path = "UsersDAO+Mapping.swift"; sourceTree = "<group>"; };
		5188C61F25C59E7300B1889B /* UserDefaultsSearchKeywordsStorage.swift */ = {isa = PBXFileReference; lastKnownFileType = sourcecode.swift; path = UserDefaultsSearchKeywordsStorage.swift; sourceTree = "<group>"; };
		5188C62425C59E9C00B1889B /* UsersUD+Mapping.swift */ = {isa = PBXFileReference; lastKnownFileType = sourcecode.swift; path = "UsersUD+Mapping.swift"; sourceTree = "<group>"; };
		5188C62B25C59ED700B1889B /* CoreDataStorage 2.xcdatamodel */ = {isa = PBXFileReference; lastKnownFileType = wrapper.xcdatamodel; path = "CoreDataStorage 2.xcdatamodel"; sourceTree = "<group>"; };
		5188C62C25C59ED700B1889B /* CoreDataStorage.xcdatamodel */ = {isa = PBXFileReference; lastKnownFileType = wrapper.xcdatamodel; path = CoreDataStorage.xcdatamodel; sourceTree = "<group>"; };
		5188C63125C59F9F00B1889B /* NetworkService.swift */ = {isa = PBXFileReference; fileEncoding = 4; lastKnownFileType = sourcecode.swift; path = NetworkService.swift; sourceTree = "<group>"; };
		5188C63225C59F9F00B1889B /* Endpoint.swift */ = {isa = PBXFileReference; fileEncoding = 4; lastKnownFileType = sourcecode.swift; path = Endpoint.swift; sourceTree = "<group>"; };
		5188C63325C59F9F00B1889B /* NetworkConfig.swift */ = {isa = PBXFileReference; fileEncoding = 4; lastKnownFileType = sourcecode.swift; path = NetworkConfig.swift; sourceTree = "<group>"; };
		5188C63425C59F9F00B1889B /* DataTransferService.swift */ = {isa = PBXFileReference; fileEncoding = 4; lastKnownFileType = sourcecode.swift; path = DataTransferService.swift; sourceTree = "<group>"; };
		6A05B55ED025B7680ED59E04 /* Pods_PracticeTDD.framework */ = {isa = PBXFileReference; explicitFileType = wrapper.framework; includeInIndex = 0; path = Pods_PracticeTDD.framework; sourceTree = BUILT_PRODUCTS_DIR; };
		7C6FB8E2460FAE8E7A778CFE /* Pods-PracticeTDDTests.debug.xcconfig */ = {isa = PBXFileReference; includeInIndex = 1; lastKnownFileType = text.xcconfig; name = "Pods-PracticeTDDTests.debug.xcconfig"; path = "Target Support Files/Pods-PracticeTDDTests/Pods-PracticeTDDTests.debug.xcconfig"; sourceTree = "<group>"; };
		C579F0E87E1E8C1A4772D4EF /* Pods-PracticeTDD.release.xcconfig */ = {isa = PBXFileReference; includeInIndex = 1; lastKnownFileType = text.xcconfig; name = "Pods-PracticeTDD.release.xcconfig"; path = "Target Support Files/Pods-PracticeTDD/Pods-PracticeTDD.release.xcconfig"; sourceTree = "<group>"; };
		D96557861823544AB5B4711B /* Pods_PracticeTDDTests.framework */ = {isa = PBXFileReference; explicitFileType = wrapper.framework; includeInIndex = 0; path = Pods_PracticeTDDTests.framework; sourceTree = BUILT_PRODUCTS_DIR; };
		E64EB1D5D842BA2111D6F341 /* Pods-PracticeTDD.debug.xcconfig */ = {isa = PBXFileReference; includeInIndex = 1; lastKnownFileType = text.xcconfig; name = "Pods-PracticeTDD.debug.xcconfig"; path = "Target Support Files/Pods-PracticeTDD/Pods-PracticeTDD.debug.xcconfig"; sourceTree = "<group>"; };
/* End PBXFileReference section */

/* Begin PBXFrameworksBuildPhase section */
		517F80D625ADD09B00BE9ECB /* Frameworks */ = {
			isa = PBXFrameworksBuildPhase;
			buildActionMask = 2147483647;
			files = (
				89407F4694DA0D8838F613F9 /* Pods_PracticeTDD.framework in Frameworks */,
			);
			runOnlyForDeploymentPostprocessing = 0;
		};
		517F80E725ADD09D00BE9ECB /* Frameworks */ = {
			isa = PBXFrameworksBuildPhase;
			buildActionMask = 2147483647;
			files = (
				B18A16F882431133E2ADC097 /* Pods_PracticeTDDTests.framework in Frameworks */,
			);
			runOnlyForDeploymentPostprocessing = 0;
		};
/* End PBXFrameworksBuildPhase section */

/* Begin PBXGroup section */
		517F80D025ADD09A00BE9ECB = {
			isa = PBXGroup;
			children = (
				517F80DB25ADD09B00BE9ECB /* PracticeTDD */,
				517F80ED25ADD09D00BE9ECB /* PracticeTDDTests */,
				517F80DA25ADD09B00BE9ECB /* Products */,
				FF8FA40422C92FEF7A835C91 /* Pods */,
				5B104A0C4AE4087C8AE0BEA2 /* Frameworks */,
			);
			sourceTree = "<group>";
		};
		517F80DA25ADD09B00BE9ECB /* Products */ = {
			isa = PBXGroup;
			children = (
				517F80D925ADD09B00BE9ECB /* PracticeTDD.app */,
				517F80EA25ADD09D00BE9ECB /* PracticeTDDTests.xctest */,
			);
			name = Products;
			sourceTree = "<group>";
		};
		517F80DB25ADD09B00BE9ECB /* PracticeTDD */ = {
			isa = PBXGroup;
			children = (
				5188C51F25C5766700B1889B /* Application */,
				517F815425ADEB4D00BE9ECB /* Core */,
				882DFA3626410046006B7FA7 /* Features */,
				5188C5A625C5937100B1889B /* Infrastructure */,
				5188C5A725C5939300B1889B /* Resources */,
			);
			path = PracticeTDD;
			sourceTree = "<group>";
		};
		517F80E225ADD09D00BE9ECB /* Preview Content */ = {
			isa = PBXGroup;
			children = (
				517F80E325ADD09D00BE9ECB /* Preview Assets.xcassets */,
			);
			path = "Preview Content";
			sourceTree = "<group>";
		};
		517F80ED25ADD09D00BE9ECB /* PracticeTDDTests */ = {
			isa = PBXGroup;
			children = (
				517F80EE25ADD09D00BE9ECB /* SearchUserViewModelTest.swift */,
				517F80F025ADD09D00BE9ECB /* Info.plist */,
			);
			path = PracticeTDDTests;
			sourceTree = "<group>";
		};
		517F815425ADEB4D00BE9ECB /* Core */ = {
			isa = PBXGroup;
			children = (
				517F815025ADEB4500BE9ECB /* SharedData.swift */,
				5188C59A25C592F600B1889B /* Cancellable.swift */,
				5188C5C825C5956A00B1889B /* ConnectionError.swift */,
				5188C5D325C595BE00B1889B /* CoreDataStorages */,
			);
			path = Core;
			sourceTree = "<group>";
		};
		5188C51F25C5766700B1889B /* Application */ = {
			isa = PBXGroup;
			children = (
				517F80DC25ADD09B00BE9ECB /* PracticeTDDApp.swift */,
				5188C52725C576AC00B1889B /* AppAppearance.swift */,
				5188C52B25C576B700B1889B /* AppConfigurations.swift */,
				5188C52F25C576CD00B1889B /* AppFlowCoordinator.swift */,
				5188C52025C5767300B1889B /* DIContainer */,
			);
			path = Application;
			sourceTree = "<group>";
		};
		5188C52025C5767300B1889B /* DIContainer */ = {
			isa = PBXGroup;
			children = (
				5188C52125C5768800B1889B /* AppDIContainer.swift */,
				5188C53325C576E200B1889B /* LoginSceenDIContainer.swift */,
			);
			path = DIContainer;
			sourceTree = "<group>";
		};
		5188C53925C5771100B1889B /* Presentation */ = {
			isa = PBXGroup;
			children = (
				5188C53A25C5772900B1889B /* Coordinator */,
				5188C56625C5796900B1889B /* Utils */,
				882DFA39264100CA006B7FA7 /* ViewModels */,
				882DFA38264100C3006B7FA7 /* Views */,
			);
			path = Presentation;
			sourceTree = "<group>";
		};
		5188C53A25C5772900B1889B /* Coordinator */ = {
			isa = PBXGroup;
			children = (
				5188C54D25C578AE00B1889B /* EnterMainFlowCoordinator.swift */,
			);
			path = Coordinator;
			sourceTree = "<group>";
		};
		5188C56625C5796900B1889B /* Utils */ = {
			isa = PBXGroup;
			children = (
				5188C56725C5797B00B1889B /* Extensions */,
				5188C56825C5798100B1889B /* Protocols */,
				5188C56925C579AB00B1889B /* LoadingView.swift */,
				5188C58125C591E900B1889B /* AccesibilityIdentifier.swift */,
			);
			path = Utils;
			sourceTree = "<group>";
		};
		5188C56725C5797B00B1889B /* Extensions */ = {
			isa = PBXGroup;
			children = (
				5188C57925C57A2C00B1889B /* CGSize+ScaledSize.swift */,
			);
			path = Extensions;
			sourceTree = "<group>";
		};
		5188C56825C5798100B1889B /* Protocols */ = {
			isa = PBXGroup;
			children = (
				5188C57D25C57B4C00B1889B /* Alertable.swift */,
			);
			path = Protocols;
			sourceTree = "<group>";
		};
		5188C58525C5924100B1889B /* Domain */ = {
			isa = PBXGroup;
			children = (
				5188C58625C5924B00B1889B /* Entities */,
				5188C58725C5925100B1889B /* UseCases */,
				5188C58825C5925900B1889B /* Interfaces */,
			);
			path = Domain;
			sourceTree = "<group>";
		};
		5188C58625C5924B00B1889B /* Entities */ = {
			isa = PBXGroup;
			children = (
				5188C58925C5929200B1889B /* Users.swift */,
			);
			path = Entities;
			sourceTree = "<group>";
		};
		5188C58725C5925100B1889B /* UseCases */ = {
			isa = PBXGroup;
			children = (
				5188C58F25C592AF00B1889B /* GetSearchUsers.swift */,
				5188C59325C592CF00B1889B /* Protocol */,
			);
			path = UseCases;
			sourceTree = "<group>";
		};
		5188C58825C5925900B1889B /* Interfaces */ = {
			isa = PBXGroup;
			children = (
				5188C59E25C5930B00B1889B /* Repositories */,
			);
			path = Interfaces;
			sourceTree = "<group>";
		};
		5188C59325C592CF00B1889B /* Protocol */ = {
			isa = PBXGroup;
			children = (
				5188C59425C592DA00B1889B /* UseCase.swift */,
			);
			path = Protocol;
			sourceTree = "<group>";
		};
		5188C59E25C5930B00B1889B /* Repositories */ = {
			isa = PBXGroup;
			children = (
				5188C59F25C5934200B1889B /* SearchUsersRepository.swift */,
			);
			path = Repositories;
			sourceTree = "<group>";
		};
		5188C5A525C5936100B1889B /* Data */ = {
			isa = PBXGroup;
			children = (
				5188C5CE25C5957B00B1889B /* Repositories */,
				5188C5D025C5959300B1889B /* Network */,
				5188C5D225C595A700B1889B /* PersistentStorage */,
			);
			path = Data;
			sourceTree = "<group>";
		};
		5188C5A625C5937100B1889B /* Infrastructure */ = {
			isa = PBXGroup;
			children = (
				5188C63025C59F5D00B1889B /* Network */,
			);
			path = Infrastructure;
			sourceTree = "<group>";
		};
		5188C5A725C5939300B1889B /* Resources */ = {
			isa = PBXGroup;
			children = (
				5188C5C425C594F800B1889B /* Localizable.strings */,
				517F80E025ADD09D00BE9ECB /* Assets.xcassets */,
				517F80E525ADD09D00BE9ECB /* Info.plist */,
				517F80E225ADD09D00BE9ECB /* Preview Content */,
			);
			path = Resources;
			sourceTree = "<group>";
		};
		5188C5CE25C5957B00B1889B /* Repositories */ = {
			isa = PBXGroup;
			children = (
				5188C5DB25C5963000B1889B /* SearchUsersRepositoryImpl.swift */,
				5188C5CF25C5958D00B1889B /* Utils */,
			);
			path = Repositories;
			sourceTree = "<group>";
		};
		5188C5CF25C5958D00B1889B /* Utils */ = {
			isa = PBXGroup;
			children = (
				5188C5D525C595F500B1889B /* RepositoryTask.swift */,
			);
			path = Utils;
			sourceTree = "<group>";
		};
		5188C5D025C5959300B1889B /* Network */ = {
			isa = PBXGroup;
			children = (
				5188C5DF25C596CF00B1889B /* APIEndpoints.swift */,
				5188C5D125C5959E00B1889B /* DataMapping */,
			);
			path = Network;
			sourceTree = "<group>";
		};
		5188C5D125C5959E00B1889B /* DataMapping */ = {
			isa = PBXGroup;
			children = (
				5188C5ED25C5970C00B1889B /* UsersDTO+Mapping.swift */,
			);
			path = DataMapping;
			sourceTree = "<group>";
		};
		5188C5D225C595A700B1889B /* PersistentStorage */ = {
			isa = PBXGroup;
			children = (
				5188C60725C59DA900B1889B /* SearchKeywordsStorage */,
			);
			path = PersistentStorage;
			sourceTree = "<group>";
		};
		5188C5D325C595BE00B1889B /* CoreDataStorages */ = {
			isa = PBXGroup;
			children = (
				5188C5FF25C59D0A00B1889B /* CoreDataStorage.swift */,
				5188C62A25C59ED700B1889B /* CoreDataStorage.xcdatamodeld */,
			);
			path = CoreDataStorages;
			sourceTree = "<group>";
		};
		5188C60725C59DA900B1889B /* SearchKeywordsStorage */ = {
			isa = PBXGroup;
			children = (
				5188C60A25C59E1B00B1889B /* SearchKeywordsStorage.swift */,
				5188C60825C59DD900B1889B /* CoreDataStorage */,
				5188C60925C59DE200B1889B /* UserDefaultsStorage */,
			);
			path = SearchKeywordsStorage;
			sourceTree = "<group>";
		};
		5188C60825C59DD900B1889B /* CoreDataStorage */ = {
			isa = PBXGroup;
			children = (
				5188C61025C59E3100B1889B /* CoreDataSearchKeywordsStorage.swift */,
				5188C61825C59E4900B1889B /* EntityMapping */,
			);
			path = CoreDataStorage;
			sourceTree = "<group>";
		};
		5188C60925C59DE200B1889B /* UserDefaultsStorage */ = {
			isa = PBXGroup;
			children = (
				5188C61F25C59E7300B1889B /* UserDefaultsSearchKeywordsStorage.swift */,
				5188C62325C59E7D00B1889B /* EntityMapping */,
			);
			path = UserDefaultsStorage;
			sourceTree = "<group>";
		};
		5188C61825C59E4900B1889B /* EntityMapping */ = {
			isa = PBXGroup;
			children = (
				5188C61925C59E6300B1889B /* UsersDAO+Mapping.swift */,
			);
			path = EntityMapping;
			sourceTree = "<group>";
		};
		5188C62325C59E7D00B1889B /* EntityMapping */ = {
			isa = PBXGroup;
			children = (
				5188C62425C59E9C00B1889B /* UsersUD+Mapping.swift */,
			);
			path = EntityMapping;
			sourceTree = "<group>";
		};
		5188C63025C59F5D00B1889B /* Network */ = {
			isa = PBXGroup;
			children = (
				5188C63425C59F9F00B1889B /* DataTransferService.swift */,
				5188C63225C59F9F00B1889B /* Endpoint.swift */,
				5188C63325C59F9F00B1889B /* NetworkConfig.swift */,
				5188C63125C59F9F00B1889B /* NetworkService.swift */,
			);
			path = Network;
			sourceTree = "<group>";
		};
		5B104A0C4AE4087C8AE0BEA2 /* Frameworks */ = {
			isa = PBXGroup;
			children = (
				6A05B55ED025B7680ED59E04 /* Pods_PracticeTDD.framework */,
				D96557861823544AB5B4711B /* Pods_PracticeTDDTests.framework */,
			);
			name = Frameworks;
			sourceTree = "<group>";
		};
		882DFA3626410046006B7FA7 /* Features */ = {
			isa = PBXGroup;
			children = (
				882DFA3726410052006B7FA7 /* SearchUsers */,
			);
			path = Features;
			sourceTree = "<group>";
		};
		882DFA3726410052006B7FA7 /* SearchUsers */ = {
			isa = PBXGroup;
			children = (
				5188C5A525C5936100B1889B /* Data */,
				5188C58525C5924100B1889B /* Domain */,
				5188C53925C5771100B1889B /* Presentation */,
			);
			path = SearchUsers;
			sourceTree = "<group>";
		};
		882DFA38264100C3006B7FA7 /* Views */ = {
			isa = PBXGroup;
			children = (
				517F80DE25ADD09B00BE9ECB /* SearchUsersView.swift */,
			);
			path = Views;
			sourceTree = "<group>";
		};
		882DFA39264100CA006B7FA7 /* ViewModels */ = {
			isa = PBXGroup;
			children = (
				5188C55625C5791100B1889B /* SearchUsersViewModel.swift */,
			);
			path = ViewModels;
			sourceTree = "<group>";
		};
		FF8FA40422C92FEF7A835C91 /* Pods */ = {
			isa = PBXGroup;
			children = (
				E64EB1D5D842BA2111D6F341 /* Pods-PracticeTDD.debug.xcconfig */,
				C579F0E87E1E8C1A4772D4EF /* Pods-PracticeTDD.release.xcconfig */,
				7C6FB8E2460FAE8E7A778CFE /* Pods-PracticeTDDTests.debug.xcconfig */,
				12B763FE0E06643D1C522E38 /* Pods-PracticeTDDTests.release.xcconfig */,
			);
			path = Pods;
			sourceTree = "<group>";
		};
/* End PBXGroup section */

/* Begin PBXNativeTarget section */
		517F80D825ADD09B00BE9ECB /* PracticeTDD */ = {
			isa = PBXNativeTarget;
			buildConfigurationList = 517F80FE25ADD09D00BE9ECB /* Build configuration list for PBXNativeTarget "PracticeTDD" */;
			buildPhases = (
				44DEC11FF9495A3889D47D78 /* [CP] Check Pods Manifest.lock */,
				517F80D525ADD09B00BE9ECB /* Sources */,
				517F80D625ADD09B00BE9ECB /* Frameworks */,
				517F80D725ADD09B00BE9ECB /* Resources */,
				57569BFF85C08446C54ED4D7 /* [CP] Embed Pods Frameworks */,
			);
			buildRules = (
			);
			dependencies = (
			);
			name = PracticeTDD;
			productName = PracticeTDD;
			productReference = 517F80D925ADD09B00BE9ECB /* PracticeTDD.app */;
			productType = "com.apple.product-type.application";
		};
		517F80E925ADD09D00BE9ECB /* PracticeTDDTests */ = {
			isa = PBXNativeTarget;
			buildConfigurationList = 517F810125ADD09D00BE9ECB /* Build configuration list for PBXNativeTarget "PracticeTDDTests" */;
			buildPhases = (
				3649BEAE84D042FA13417CEF /* [CP] Check Pods Manifest.lock */,
				517F80E625ADD09D00BE9ECB /* Sources */,
				517F80E725ADD09D00BE9ECB /* Frameworks */,
				517F80E825ADD09D00BE9ECB /* Resources */,
				394C42C1AB422DB5A37E8ECB /* [CP] Embed Pods Frameworks */,
			);
			buildRules = (
			);
			dependencies = (
				517F80EC25ADD09D00BE9ECB /* PBXTargetDependency */,
			);
			name = PracticeTDDTests;
			productName = PracticeTDDTests;
			productReference = 517F80EA25ADD09D00BE9ECB /* PracticeTDDTests.xctest */;
			productType = "com.apple.product-type.bundle.unit-test";
		};
/* End PBXNativeTarget section */

/* Begin PBXProject section */
		517F80D125ADD09A00BE9ECB /* Project object */ = {
			isa = PBXProject;
			attributes = {
				LastSwiftUpdateCheck = 1230;
				LastUpgradeCheck = 1230;
				TargetAttributes = {
					517F80D825ADD09B00BE9ECB = {
						CreatedOnToolsVersion = 12.3;
					};
					517F80E925ADD09D00BE9ECB = {
						CreatedOnToolsVersion = 12.3;
						TestTargetID = 517F80D825ADD09B00BE9ECB;
					};
				};
			};
			buildConfigurationList = 517F80D425ADD09A00BE9ECB /* Build configuration list for PBXProject "PracticeTDD" */;
			compatibilityVersion = "Xcode 9.3";
			developmentRegion = en;
			hasScannedForEncodings = 0;
			knownRegions = (
				en,
				Base,
				ko,
			);
			mainGroup = 517F80D025ADD09A00BE9ECB;
			productRefGroup = 517F80DA25ADD09B00BE9ECB /* Products */;
			projectDirPath = "";
			projectRoot = "";
			targets = (
				517F80D825ADD09B00BE9ECB /* PracticeTDD */,
				517F80E925ADD09D00BE9ECB /* PracticeTDDTests */,
			);
		};
/* End PBXProject section */

/* Begin PBXResourcesBuildPhase section */
		517F80D725ADD09B00BE9ECB /* Resources */ = {
			isa = PBXResourcesBuildPhase;
			buildActionMask = 2147483647;
			files = (
				517F80E425ADD09D00BE9ECB /* Preview Assets.xcassets in Resources */,
				5188C5C225C594F800B1889B /* Localizable.strings in Resources */,
				517F80E125ADD09D00BE9ECB /* Assets.xcassets in Resources */,
			);
			runOnlyForDeploymentPostprocessing = 0;
		};
		517F80E825ADD09D00BE9ECB /* Resources */ = {
			isa = PBXResourcesBuildPhase;
			buildActionMask = 2147483647;
			files = (
			);
			runOnlyForDeploymentPostprocessing = 0;
		};
/* End PBXResourcesBuildPhase section */

/* Begin PBXShellScriptBuildPhase section */
		3649BEAE84D042FA13417CEF /* [CP] Check Pods Manifest.lock */ = {
			isa = PBXShellScriptBuildPhase;
			buildActionMask = 2147483647;
			files = (
			);
			inputFileListPaths = (
			);
			inputPaths = (
				"${PODS_PODFILE_DIR_PATH}/Podfile.lock",
				"${PODS_ROOT}/Manifest.lock",
			);
			name = "[CP] Check Pods Manifest.lock";
			outputFileListPaths = (
			);
			outputPaths = (
				"$(DERIVED_FILE_DIR)/Pods-PracticeTDDTests-checkManifestLockResult.txt",
			);
			runOnlyForDeploymentPostprocessing = 0;
			shellPath = /bin/sh;
			shellScript = "diff \"${PODS_PODFILE_DIR_PATH}/Podfile.lock\" \"${PODS_ROOT}/Manifest.lock\" > /dev/null\nif [ $? != 0 ] ; then\n    # print error to STDERR\n    echo \"error: The sandbox is not in sync with the Podfile.lock. Run 'pod install' or update your CocoaPods installation.\" >&2\n    exit 1\nfi\n# This output is used by Xcode 'outputs' to avoid re-running this script phase.\necho \"SUCCESS\" > \"${SCRIPT_OUTPUT_FILE_0}\"\n";
			showEnvVarsInLog = 0;
		};
		394C42C1AB422DB5A37E8ECB /* [CP] Embed Pods Frameworks */ = {
			isa = PBXShellScriptBuildPhase;
			buildActionMask = 2147483647;
			files = (
			);
			inputFileListPaths = (
				"${PODS_ROOT}/Target Support Files/Pods-PracticeTDDTests/Pods-PracticeTDDTests-frameworks-${CONFIGURATION}-input-files.xcfilelist",
			);
			name = "[CP] Embed Pods Frameworks";
			outputFileListPaths = (
				"${PODS_ROOT}/Target Support Files/Pods-PracticeTDDTests/Pods-PracticeTDDTests-frameworks-${CONFIGURATION}-output-files.xcfilelist",
			);
			runOnlyForDeploymentPostprocessing = 0;
			shellPath = /bin/sh;
			shellScript = "\"${PODS_ROOT}/Target Support Files/Pods-PracticeTDDTests/Pods-PracticeTDDTests-frameworks.sh\"\n";
			showEnvVarsInLog = 0;
		};
		44DEC11FF9495A3889D47D78 /* [CP] Check Pods Manifest.lock */ = {
			isa = PBXShellScriptBuildPhase;
			buildActionMask = 2147483647;
			files = (
			);
			inputFileListPaths = (
			);
			inputPaths = (
				"${PODS_PODFILE_DIR_PATH}/Podfile.lock",
				"${PODS_ROOT}/Manifest.lock",
			);
			name = "[CP] Check Pods Manifest.lock";
			outputFileListPaths = (
			);
			outputPaths = (
				"$(DERIVED_FILE_DIR)/Pods-PracticeTDD-checkManifestLockResult.txt",
			);
			runOnlyForDeploymentPostprocessing = 0;
			shellPath = /bin/sh;
			shellScript = "diff \"${PODS_PODFILE_DIR_PATH}/Podfile.lock\" \"${PODS_ROOT}/Manifest.lock\" > /dev/null\nif [ $? != 0 ] ; then\n    # print error to STDERR\n    echo \"error: The sandbox is not in sync with the Podfile.lock. Run 'pod install' or update your CocoaPods installation.\" >&2\n    exit 1\nfi\n# This output is used by Xcode 'outputs' to avoid re-running this script phase.\necho \"SUCCESS\" > \"${SCRIPT_OUTPUT_FILE_0}\"\n";
			showEnvVarsInLog = 0;
		};
		57569BFF85C08446C54ED4D7 /* [CP] Embed Pods Frameworks */ = {
			isa = PBXShellScriptBuildPhase;
			buildActionMask = 2147483647;
			files = (
			);
			inputFileListPaths = (
				"${PODS_ROOT}/Target Support Files/Pods-PracticeTDD/Pods-PracticeTDD-frameworks-${CONFIGURATION}-input-files.xcfilelist",
			);
			name = "[CP] Embed Pods Frameworks";
			outputFileListPaths = (
				"${PODS_ROOT}/Target Support Files/Pods-PracticeTDD/Pods-PracticeTDD-frameworks-${CONFIGURATION}-output-files.xcfilelist",
			);
			runOnlyForDeploymentPostprocessing = 0;
			shellPath = /bin/sh;
			shellScript = "\"${PODS_ROOT}/Target Support Files/Pods-PracticeTDD/Pods-PracticeTDD-frameworks.sh\"\n";
			showEnvVarsInLog = 0;
		};
/* End PBXShellScriptBuildPhase section */

/* Begin PBXSourcesBuildPhase section */
		517F80D525ADD09B00BE9ECB /* Sources */ = {
			isa = PBXSourcesBuildPhase;
			buildActionMask = 2147483647;
			files = (
				5188C60025C59D0A00B1889B /* CoreDataStorage.swift in Sources */,
				5188C62525C59E9C00B1889B /* UsersUD+Mapping.swift in Sources */,
				5188C63725C59F9F00B1889B /* NetworkConfig.swift in Sources */,
				5188C5DC25C5963000B1889B /* SearchUsersRepositoryImpl.swift in Sources */,
				5188C63825C59F9F00B1889B /* DataTransferService.swift in Sources */,
				5188C58225C591E900B1889B /* AccesibilityIdentifier.swift in Sources */,
				5188C53025C576CD00B1889B /* AppFlowCoordinator.swift in Sources */,
				5188C5E025C596CF00B1889B /* APIEndpoints.swift in Sources */,
				5188C56A25C579AB00B1889B /* LoadingView.swift in Sources */,
				5188C58A25C5929200B1889B /* Users.swift in Sources */,
				5188C5A025C5934200B1889B /* SearchUsersRepository.swift in Sources */,
				5188C63625C59F9F00B1889B /* Endpoint.swift in Sources */,
				5188C55725C5791100B1889B /* SearchUsersViewModel.swift in Sources */,
				5188C63525C59F9F00B1889B /* NetworkService.swift in Sources */,
				5188C52225C5768800B1889B /* AppDIContainer.swift in Sources */,
				517F80DF25ADD09B00BE9ECB /* SearchUsersView.swift in Sources */,
				5188C62D25C59ED700B1889B /* CoreDataStorage.xcdatamodeld in Sources */,
				5188C5EE25C5970C00B1889B /* UsersDTO+Mapping.swift in Sources */,
				5188C57A25C57A2C00B1889B /* CGSize+ScaledSize.swift in Sources */,
				5188C62025C59E7300B1889B /* UserDefaultsSearchKeywordsStorage.swift in Sources */,
				517F815125ADEB4500BE9ECB /* SharedData.swift in Sources */,
				5188C52825C576AC00B1889B /* AppAppearance.swift in Sources */,
				5188C57E25C57B4C00B1889B /* Alertable.swift in Sources */,
				5188C52C25C576B700B1889B /* AppConfigurations.swift in Sources */,
				517F80DD25ADD09B00BE9ECB /* PracticeTDDApp.swift in Sources */,
				5188C5C925C5956A00B1889B /* ConnectionError.swift in Sources */,
				5188C53425C576E200B1889B /* LoginSceenDIContainer.swift in Sources */,
				5188C59B25C592F600B1889B /* Cancellable.swift in Sources */,
				5188C60B25C59E1B00B1889B /* SearchKeywordsStorage.swift in Sources */,
				5188C61A25C59E6300B1889B /* UsersDAO+Mapping.swift in Sources */,
				5188C5D625C595F500B1889B /* RepositoryTask.swift in Sources */,
				5188C59525C592DA00B1889B /* UseCase.swift in Sources */,
				5188C61125C59E3100B1889B /* CoreDataSearchKeywordsStorage.swift in Sources */,
				5188C54E25C578AE00B1889B /* EnterMainFlowCoordinator.swift in Sources */,
				5188C59025C592AF00B1889B /* GetSearchUsers.swift in Sources */,
			);
			runOnlyForDeploymentPostprocessing = 0;
		};
		517F80E625ADD09D00BE9ECB /* Sources */ = {
			isa = PBXSourcesBuildPhase;
			buildActionMask = 2147483647;
			files = (
				517F80EF25ADD09D00BE9ECB /* SearchUserViewModelTest.swift in Sources */,
			);
			runOnlyForDeploymentPostprocessing = 0;
		};
/* End PBXSourcesBuildPhase section */

/* Begin PBXTargetDependency section */
		517F80EC25ADD09D00BE9ECB /* PBXTargetDependency */ = {
			isa = PBXTargetDependency;
			target = 517F80D825ADD09B00BE9ECB /* PracticeTDD */;
			targetProxy = 517F80EB25ADD09D00BE9ECB /* PBXContainerItemProxy */;
		};
/* End PBXTargetDependency section */

/* Begin PBXVariantGroup section */
		5188C5C425C594F800B1889B /* Localizable.strings */ = {
			isa = PBXVariantGroup;
			children = (
				5188C5C325C594F800B1889B /* ko */,
				5188C5C725C5950400B1889B /* en */,
			);
			name = Localizable.strings;
			sourceTree = "<group>";
		};
/* End PBXVariantGroup section */

/* Begin XCBuildConfiguration section */
		517F80FC25ADD09D00BE9ECB /* Debug */ = {
			isa = XCBuildConfiguration;
			buildSettings = {
				ALWAYS_SEARCH_USER_PATHS = NO;
				CLANG_ANALYZER_NONNULL = YES;
				CLANG_ANALYZER_NUMBER_OBJECT_CONVERSION = YES_AGGRESSIVE;
				CLANG_CXX_LANGUAGE_STANDARD = "gnu++14";
				CLANG_CXX_LIBRARY = "libc++";
				CLANG_ENABLE_MODULES = YES;
				CLANG_ENABLE_OBJC_ARC = YES;
				CLANG_ENABLE_OBJC_WEAK = YES;
				CLANG_WARN_BLOCK_CAPTURE_AUTORELEASING = YES;
				CLANG_WARN_BOOL_CONVERSION = YES;
				CLANG_WARN_COMMA = YES;
				CLANG_WARN_CONSTANT_CONVERSION = YES;
				CLANG_WARN_DEPRECATED_OBJC_IMPLEMENTATIONS = YES;
				CLANG_WARN_DIRECT_OBJC_ISA_USAGE = YES_ERROR;
				CLANG_WARN_DOCUMENTATION_COMMENTS = YES;
				CLANG_WARN_EMPTY_BODY = YES;
				CLANG_WARN_ENUM_CONVERSION = YES;
				CLANG_WARN_INFINITE_RECURSION = YES;
				CLANG_WARN_INT_CONVERSION = YES;
				CLANG_WARN_NON_LITERAL_NULL_CONVERSION = YES;
				CLANG_WARN_OBJC_IMPLICIT_RETAIN_SELF = YES;
				CLANG_WARN_OBJC_LITERAL_CONVERSION = YES;
				CLANG_WARN_OBJC_ROOT_CLASS = YES_ERROR;
				CLANG_WARN_QUOTED_INCLUDE_IN_FRAMEWORK_HEADER = YES;
				CLANG_WARN_RANGE_LOOP_ANALYSIS = YES;
				CLANG_WARN_STRICT_PROTOTYPES = YES;
				CLANG_WARN_SUSPICIOUS_MOVE = YES;
				CLANG_WARN_UNGUARDED_AVAILABILITY = YES_AGGRESSIVE;
				CLANG_WARN_UNREACHABLE_CODE = YES;
				CLANG_WARN__DUPLICATE_METHOD_MATCH = YES;
				COPY_PHASE_STRIP = NO;
				DEBUG_INFORMATION_FORMAT = dwarf;
				ENABLE_STRICT_OBJC_MSGSEND = YES;
				ENABLE_TESTABILITY = YES;
				GCC_C_LANGUAGE_STANDARD = gnu11;
				GCC_DYNAMIC_NO_PIC = NO;
				GCC_NO_COMMON_BLOCKS = YES;
				GCC_OPTIMIZATION_LEVEL = 0;
				GCC_PREPROCESSOR_DEFINITIONS = (
					"DEBUG=1",
					"$(inherited)",
				);
				GCC_WARN_64_TO_32_BIT_CONVERSION = YES;
				GCC_WARN_ABOUT_RETURN_TYPE = YES_ERROR;
				GCC_WARN_UNDECLARED_SELECTOR = YES;
				GCC_WARN_UNINITIALIZED_AUTOS = YES_AGGRESSIVE;
				GCC_WARN_UNUSED_FUNCTION = YES;
				GCC_WARN_UNUSED_VARIABLE = YES;
				IPHONEOS_DEPLOYMENT_TARGET = 14.3;
				MTL_ENABLE_DEBUG_INFO = INCLUDE_SOURCE;
				MTL_FAST_MATH = YES;
				ONLY_ACTIVE_ARCH = YES;
				SDKROOT = iphoneos;
				SWIFT_ACTIVE_COMPILATION_CONDITIONS = DEBUG;
				SWIFT_OPTIMIZATION_LEVEL = "-Onone";
			};
			name = Debug;
		};
		517F80FD25ADD09D00BE9ECB /* Release */ = {
			isa = XCBuildConfiguration;
			buildSettings = {
				ALWAYS_SEARCH_USER_PATHS = NO;
				CLANG_ANALYZER_NONNULL = YES;
				CLANG_ANALYZER_NUMBER_OBJECT_CONVERSION = YES_AGGRESSIVE;
				CLANG_CXX_LANGUAGE_STANDARD = "gnu++14";
				CLANG_CXX_LIBRARY = "libc++";
				CLANG_ENABLE_MODULES = YES;
				CLANG_ENABLE_OBJC_ARC = YES;
				CLANG_ENABLE_OBJC_WEAK = YES;
				CLANG_WARN_BLOCK_CAPTURE_AUTORELEASING = YES;
				CLANG_WARN_BOOL_CONVERSION = YES;
				CLANG_WARN_COMMA = YES;
				CLANG_WARN_CONSTANT_CONVERSION = YES;
				CLANG_WARN_DEPRECATED_OBJC_IMPLEMENTATIONS = YES;
				CLANG_WARN_DIRECT_OBJC_ISA_USAGE = YES_ERROR;
				CLANG_WARN_DOCUMENTATION_COMMENTS = YES;
				CLANG_WARN_EMPTY_BODY = YES;
				CLANG_WARN_ENUM_CONVERSION = YES;
				CLANG_WARN_INFINITE_RECURSION = YES;
				CLANG_WARN_INT_CONVERSION = YES;
				CLANG_WARN_NON_LITERAL_NULL_CONVERSION = YES;
				CLANG_WARN_OBJC_IMPLICIT_RETAIN_SELF = YES;
				CLANG_WARN_OBJC_LITERAL_CONVERSION = YES;
				CLANG_WARN_OBJC_ROOT_CLASS = YES_ERROR;
				CLANG_WARN_QUOTED_INCLUDE_IN_FRAMEWORK_HEADER = YES;
				CLANG_WARN_RANGE_LOOP_ANALYSIS = YES;
				CLANG_WARN_STRICT_PROTOTYPES = YES;
				CLANG_WARN_SUSPICIOUS_MOVE = YES;
				CLANG_WARN_UNGUARDED_AVAILABILITY = YES_AGGRESSIVE;
				CLANG_WARN_UNREACHABLE_CODE = YES;
				CLANG_WARN__DUPLICATE_METHOD_MATCH = YES;
				COPY_PHASE_STRIP = NO;
				DEBUG_INFORMATION_FORMAT = "dwarf-with-dsym";
				ENABLE_NS_ASSERTIONS = NO;
				ENABLE_STRICT_OBJC_MSGSEND = YES;
				GCC_C_LANGUAGE_STANDARD = gnu11;
				GCC_NO_COMMON_BLOCKS = YES;
				GCC_WARN_64_TO_32_BIT_CONVERSION = YES;
				GCC_WARN_ABOUT_RETURN_TYPE = YES_ERROR;
				GCC_WARN_UNDECLARED_SELECTOR = YES;
				GCC_WARN_UNINITIALIZED_AUTOS = YES_AGGRESSIVE;
				GCC_WARN_UNUSED_FUNCTION = YES;
				GCC_WARN_UNUSED_VARIABLE = YES;
				IPHONEOS_DEPLOYMENT_TARGET = 14.3;
				MTL_ENABLE_DEBUG_INFO = NO;
				MTL_FAST_MATH = YES;
				SDKROOT = iphoneos;
				SWIFT_COMPILATION_MODE = wholemodule;
				SWIFT_OPTIMIZATION_LEVEL = "-O";
				VALIDATE_PRODUCT = YES;
			};
			name = Release;
		};
		517F80FF25ADD09D00BE9ECB /* Debug */ = {
			isa = XCBuildConfiguration;
			baseConfigurationReference = E64EB1D5D842BA2111D6F341 /* Pods-PracticeTDD.debug.xcconfig */;
			buildSettings = {
				API_BASE_URL = "https://dapi.kakao.com/v2/search/";
				API_KEY = "KakaoAK c12de4cb2f877c3ae8773020d5ffba9a";
				ASSETCATALOG_COMPILER_APPICON_NAME = AppIcon;
				ASSETCATALOG_COMPILER_GLOBAL_ACCENT_COLOR_NAME = AccentColor;
				CODE_SIGN_STYLE = Automatic;
				DEVELOPMENT_ASSET_PATHS = "\"PracticeTDD/Preview Content\"";
				DEVELOPMENT_TEAM = DLY5388CL9;
				ENABLE_PREVIEWS = YES;
				INFOPLIST_FILE = PracticeTDD/Info.plist;
				IPHONEOS_DEPLOYMENT_TARGET = 14.0;
				LD_RUNPATH_SEARCH_PATHS = (
					"$(inherited)",
					"@executable_path/Frameworks",
				);
				MARKETING_VERSION = 1.0.0;
				PRODUCT_BUNDLE_IDENTIFIER = mephrine.study.PracticeTDD;
				PRODUCT_NAME = "$(TARGET_NAME)";
				SWIFT_VERSION = 5.0;
				TARGETED_DEVICE_FAMILY = "1,2";
			};
			name = Debug;
		};
		517F810025ADD09D00BE9ECB /* Release */ = {
			isa = XCBuildConfiguration;
			baseConfigurationReference = C579F0E87E1E8C1A4772D4EF /* Pods-PracticeTDD.release.xcconfig */;
			buildSettings = {
				API_BASE_URL = "https://dapi.kakao.com/v2/search/";
				API_KEY = "KakaoAK c12de4cb2f877c3ae8773020d5ffba9a";
				ASSETCATALOG_COMPILER_APPICON_NAME = AppIcon;
				ASSETCATALOG_COMPILER_GLOBAL_ACCENT_COLOR_NAME = AccentColor;
				CODE_SIGN_STYLE = Automatic;
				DEVELOPMENT_ASSET_PATHS = "\"PracticeTDD/Preview Content\"";
				DEVELOPMENT_TEAM = DLY5388CL9;
				ENABLE_PREVIEWS = YES;
				INFOPLIST_FILE = PracticeTDD/Info.plist;
				IPHONEOS_DEPLOYMENT_TARGET = 14.0;
				LD_RUNPATH_SEARCH_PATHS = (
					"$(inherited)",
					"@executable_path/Frameworks",
				);
				MARKETING_VERSION = 1.0.0;
				PRODUCT_BUNDLE_IDENTIFIER = mephrine.study.PracticeTDD;
				PRODUCT_NAME = "$(TARGET_NAME)";
				SWIFT_VERSION = 5.0;
				TARGETED_DEVICE_FAMILY = "1,2";
			};
			name = Release;
		};
		517F810225ADD09D00BE9ECB /* Debug */ = {
			isa = XCBuildConfiguration;
			baseConfigurationReference = 7C6FB8E2460FAE8E7A778CFE /* Pods-PracticeTDDTests.debug.xcconfig */;
			buildSettings = {
				ALWAYS_EMBED_SWIFT_STANDARD_LIBRARIES = YES;
				BUNDLE_LOADER = "$(TEST_HOST)";
				CODE_SIGN_STYLE = Automatic;
				DEVELOPMENT_TEAM = DLY5388CL9;
				INFOPLIST_FILE = PracticeTDDTests/Info.plist;
				IPHONEOS_DEPLOYMENT_TARGET = 14.0;
				LD_RUNPATH_SEARCH_PATHS = (
					"$(inherited)",
					"@executable_path/Frameworks",
					"@loader_path/Frameworks",
				);
				PRODUCT_BUNDLE_IDENTIFIER = mephrine.study.PracticeTDDTests;
				PRODUCT_NAME = "$(TARGET_NAME)";
				SWIFT_VERSION = 5.0;
				TARGETED_DEVICE_FAMILY = "1,2";
				TEST_HOST = "$(BUILT_PRODUCTS_DIR)/PracticeTDD.app/PracticeTDD";
			};
			name = Debug;
		};
		517F810325ADD09D00BE9ECB /* Release */ = {
			isa = XCBuildConfiguration;
			baseConfigurationReference = 12B763FE0E06643D1C522E38 /* Pods-PracticeTDDTests.release.xcconfig */;
			buildSettings = {
				ALWAYS_EMBED_SWIFT_STANDARD_LIBRARIES = YES;
				BUNDLE_LOADER = "$(TEST_HOST)";
				CODE_SIGN_STYLE = Automatic;
				DEVELOPMENT_TEAM = DLY5388CL9;
				INFOPLIST_FILE = PracticeTDDTests/Info.plist;
				IPHONEOS_DEPLOYMENT_TARGET = 14.0;
				LD_RUNPATH_SEARCH_PATHS = (
					"$(inherited)",
					"@executable_path/Frameworks",
					"@loader_path/Frameworks",
				);
				PRODUCT_BUNDLE_IDENTIFIER = mephrine.study.PracticeTDDTests;
				PRODUCT_NAME = "$(TARGET_NAME)";
				SWIFT_VERSION = 5.0;
				TARGETED_DEVICE_FAMILY = "1,2";
				TEST_HOST = "$(BUILT_PRODUCTS_DIR)/PracticeTDD.app/PracticeTDD";
			};
			name = Release;
		};
/* End XCBuildConfiguration section */

/* Begin XCConfigurationList section */
		517F80D425ADD09A00BE9ECB /* Build configuration list for PBXProject "PracticeTDD" */ = {
			isa = XCConfigurationList;
			buildConfigurations = (
				517F80FC25ADD09D00BE9ECB /* Debug */,
				517F80FD25ADD09D00BE9ECB /* Release */,
			);
			defaultConfigurationIsVisible = 0;
			defaultConfigurationName = Release;
		};
		517F80FE25ADD09D00BE9ECB /* Build configuration list for PBXNativeTarget "PracticeTDD" */ = {
			isa = XCConfigurationList;
			buildConfigurations = (
				517F80FF25ADD09D00BE9ECB /* Debug */,
				517F810025ADD09D00BE9ECB /* Release */,
			);
			defaultConfigurationIsVisible = 0;
			defaultConfigurationName = Release;
		};
		517F810125ADD09D00BE9ECB /* Build configuration list for PBXNativeTarget "PracticeTDDTests" */ = {
			isa = XCConfigurationList;
			buildConfigurations = (
				517F810225ADD09D00BE9ECB /* Debug */,
				517F810325ADD09D00BE9ECB /* Release */,
			);
			defaultConfigurationIsVisible = 0;
			defaultConfigurationName = Release;
		};
/* End XCConfigurationList section */

/* Begin XCVersionGroup section */
		5188C62A25C59ED700B1889B /* CoreDataStorage.xcdatamodeld */ = {
			isa = XCVersionGroup;
			children = (
				5188C62B25C59ED700B1889B /* CoreDataStorage 2.xcdatamodel */,
				5188C62C25C59ED700B1889B /* CoreDataStorage.xcdatamodel */,
			);
			currentVersion = 5188C62B25C59ED700B1889B /* CoreDataStorage 2.xcdatamodel */;
			path = CoreDataStorage.xcdatamodeld;
			sourceTree = "<group>";
			versionGroupType = wrapper.xcdatamodel;
		};
/* End XCVersionGroup section */
	};
	rootObject = 517F80D125ADD09A00BE9ECB /* Project object */;
}
